// !$*UTF8*$!
{
	archiveVersion = 1;
	classes = {
	};
	objectVersion = 46;
	objects = {

/* Begin PBXBuildFile section */
		4111CA361EF4FBCB00BBEB7B /* Modal.swift in Sources */ = {isa = PBXBuildFile; fileRef = 4111CA351EF4FBCB00BBEB7B /* Modal.swift */; };
		4111CA381EF4FC1800BBEB7B /* AddCom.swift in Sources */ = {isa = PBXBuildFile; fileRef = 4111CA371EF4FC1800BBEB7B /* AddCom.swift */; };
		411942ED1F4964CE006E2E0F /* RegistrationAdress4.swift in Sources */ = {isa = PBXBuildFile; fileRef = 411942EC1F4964CE006E2E0F /* RegistrationAdress4.swift */; };
		411B6CC91EE3A7EC001DCBC7 /* Saldo+CoreDataClass.swift in Sources */ = {isa = PBXBuildFile; fileRef = 411B6CC71EE3A7EC001DCBC7 /* Saldo+CoreDataClass.swift */; };
		411B6CCA1EE3A7EC001DCBC7 /* Saldo+CoreDataProperties.swift in Sources */ = {isa = PBXBuildFile; fileRef = 411B6CC81EE3A7EC001DCBC7 /* Saldo+CoreDataProperties.swift */; };
		411B6CD01EE3D0BA001DCBC7 /* GoogleService-Info.plist in Resources */ = {isa = PBXBuildFile; fileRef = 411B6CCF1EE3D0BA001DCBC7 /* GoogleService-Info.plist */; };
		411B6CDE1EE6FF22001DCBC7 /* Comments+CoreDataClass.swift in Sources */ = {isa = PBXBuildFile; fileRef = 411B6CD21EE6FF22001DCBC7 /* Comments+CoreDataClass.swift */; };
		411B6CDF1EE6FF22001DCBC7 /* Comments+CoreDataProperties.swift in Sources */ = {isa = PBXBuildFile; fileRef = 411B6CD31EE6FF22001DCBC7 /* Comments+CoreDataProperties.swift */; };
		411B6CE01EE6FF22001DCBC7 /* Houses+CoreDataClass.swift in Sources */ = {isa = PBXBuildFile; fileRef = 411B6CD41EE6FF22001DCBC7 /* Houses+CoreDataClass.swift */; };
		411B6CE11EE6FF22001DCBC7 /* Houses+CoreDataProperties.swift in Sources */ = {isa = PBXBuildFile; fileRef = 411B6CD51EE6FF22001DCBC7 /* Houses+CoreDataProperties.swift */; };
		411B6CE21EE6FF22001DCBC7 /* Ls+CoreDataClass.swift in Sources */ = {isa = PBXBuildFile; fileRef = 411B6CD61EE6FF22001DCBC7 /* Ls+CoreDataClass.swift */; };
		411B6CE31EE6FF22001DCBC7 /* Ls+CoreDataProperties.swift in Sources */ = {isa = PBXBuildFile; fileRef = 411B6CD71EE6FF22001DCBC7 /* Ls+CoreDataProperties.swift */; };
		411B6CE41EE6FF22001DCBC7 /* Flats+CoreDataClass.swift in Sources */ = {isa = PBXBuildFile; fileRef = 411B6CD81EE6FF22001DCBC7 /* Flats+CoreDataClass.swift */; };
		411B6CE51EE6FF22001DCBC7 /* Flats+CoreDataProperties.swift in Sources */ = {isa = PBXBuildFile; fileRef = 411B6CD91EE6FF22001DCBC7 /* Flats+CoreDataProperties.swift */; };
		411B6CE61EE6FF22001DCBC7 /* Applications+CoreDataClass.swift in Sources */ = {isa = PBXBuildFile; fileRef = 411B6CDA1EE6FF22001DCBC7 /* Applications+CoreDataClass.swift */; };
		411B6CE71EE6FF22001DCBC7 /* Applications+CoreDataProperties.swift in Sources */ = {isa = PBXBuildFile; fileRef = 411B6CDB1EE6FF22001DCBC7 /* Applications+CoreDataProperties.swift */; };
		411B6CE81EE6FF22001DCBC7 /* Fotos+CoreDataClass.swift in Sources */ = {isa = PBXBuildFile; fileRef = 411B6CDC1EE6FF22001DCBC7 /* Fotos+CoreDataClass.swift */; };
		411B6CE91EE6FF22001DCBC7 /* Fotos+CoreDataProperties.swift in Sources */ = {isa = PBXBuildFile; fileRef = 411B6CDD1EE6FF22001DCBC7 /* Fotos+CoreDataProperties.swift */; };
		411B6CEB1EE700B1001DCBC7 /* ic_comm_list.png in Resources */ = {isa = PBXBuildFile; fileRef = 411B6CEA1EE700B1001DCBC7 /* ic_comm_list.png */; };
		411B6CF01EE71AA1001DCBC7 /* add_app.png in Resources */ = {isa = PBXBuildFile; fileRef = 411B6CEF1EE71AA1001DCBC7 /* add_app.png */; };
		411B6CF21EE71C6A001DCBC7 /* AddAppUser.swift in Sources */ = {isa = PBXBuildFile; fileRef = 411B6CF11EE71C6A001DCBC7 /* AddAppUser.swift */; };
		411B6CF41EE722C4001DCBC7 /* AppUser.swift in Sources */ = {isa = PBXBuildFile; fileRef = 411B6CF31EE722C4001DCBC7 /* AppUser.swift */; };
		411B6CF61EE7268F001DCBC7 /* fon_app.png in Resources */ = {isa = PBXBuildFile; fileRef = 411B6CF51EE7268F001DCBC7 /* fon_app.png */; };
		4136BD141EEBAC7B000EAE37 /* ic_comm_action.png in Resources */ = {isa = PBXBuildFile; fileRef = 4136BD131EEBAC7B000EAE37 /* ic_comm_action.png */; };
		4136BD161EEBAD30000EAE37 /* ic_close_action.png in Resources */ = {isa = PBXBuildFile; fileRef = 4136BD151EEBAD30000EAE37 /* ic_close_action.png */; };
		4136BD181EEBAD58000EAE37 /* ic_action_files_grey.png in Resources */ = {isa = PBXBuildFile; fileRef = 4136BD171EEBAD58000EAE37 /* ic_action_files_grey.png */; };
		4136BD711EEBB2A8000EAE37 /* FloatRatingView.swift in Sources */ = {isa = PBXBuildFile; fileRef = 4136BD701EEBB2A8000EAE37 /* FloatRatingView.swift */; };
		4136BD751EEBD695000EAE37 /* Files.swift in Sources */ = {isa = PBXBuildFile; fileRef = 4136BD741EEBD695000EAE37 /* Files.swift */; };
		4136BD771EEBDACE000EAE37 /* SelectItemController.swift in Sources */ = {isa = PBXBuildFile; fileRef = 4136BD761EEBDACE000EAE37 /* SelectItemController.swift */; };
		4136BD791EED06B1000EAE37 /* logo_SM.png in Resources */ = {isa = PBXBuildFile; fileRef = 4136BD781EED06B1000EAE37 /* logo_SM.png */; };
		4136BD7B1EED0F1F000EAE37 /* CloseAppAlert.swift in Sources */ = {isa = PBXBuildFile; fileRef = 4136BD7A1EED0F1F000EAE37 /* CloseAppAlert.swift */; };
		4136BD7D1EED334B000EAE37 /* ic_comm_list_grey.png in Resources */ = {isa = PBXBuildFile; fileRef = 4136BD7C1EED334B000EAE37 /* ic_comm_list_grey.png */; };
		4138B7C21F15AAF500DD0B52 /* Choice_UK.swift in Sources */ = {isa = PBXBuildFile; fileRef = 4138B7C11F15AAF500DD0B52 /* Choice_UK.swift */; };
		413CF9286F3F497C1198F3B9 /* Pods_Sminex.framework in Frameworks */ = {isa = PBXBuildFile; fileRef = FA6E6EBF662F32D68C69BE89 /* Pods_Sminex.framework */; };
		414F65651F1CAE910084DE4A /* Assets.xcassets in Resources */ = {isa = PBXBuildFile; fileRef = 4171BE681ECB369A00B9CDD7 /* Assets.xcassets */; };
		4153B9C01F5A284A00C56045 /* Choice_UK_Street.swift in Sources */ = {isa = PBXBuildFile; fileRef = 4153B9BF1F5A284A00C56045 /* Choice_UK_Street.swift */; };
		4171BE5F1ECB369A00B9CDD7 /* AppDelegate.swift in Sources */ = {isa = PBXBuildFile; fileRef = 4171BE5E1ECB369A00B9CDD7 /* AppDelegate.swift */; };
		4171BE611ECB369A00B9CDD7 /* ViewController.swift in Sources */ = {isa = PBXBuildFile; fileRef = 4171BE601ECB369A00B9CDD7 /* ViewController.swift */; };
		4171BE641ECB369A00B9CDD7 /* Main.storyboard in Resources */ = {isa = PBXBuildFile; fileRef = 4171BE621ECB369A00B9CDD7 /* Main.storyboard */; };
		4171BE6C1ECB369A00B9CDD7 /* LaunchScreen.storyboard in Resources */ = {isa = PBXBuildFile; fileRef = 4171BE6A1ECB369A00B9CDD7 /* LaunchScreen.storyboard */; };
		4171BE751ECB392B00B9CDD7 /* CoreDataManager.swift in Sources */ = {isa = PBXBuildFile; fileRef = 4171BE741ECB392B00B9CDD7 /* CoreDataManager.swift */; };
		4171BE7A1ECB402F00B9CDD7 /* fon_top.png in Resources */ = {isa = PBXBuildFile; fileRef = 4171BE791ECB402F00B9CDD7 /* fon_top.png */; };
		4171BE7C1ECB41A200B9CDD7 /* new_face.png in Resources */ = {isa = PBXBuildFile; fileRef = 4171BE7B1ECB41A200B9CDD7 /* new_face.png */; };
		4171BE7E1ECB41D300B9CDD7 /* new_zamok.png in Resources */ = {isa = PBXBuildFile; fileRef = 4171BE7D1ECB41D300B9CDD7 /* new_zamok.png */; };
		4171BE841ECB504900B9CDD7 /* Registration.swift in Sources */ = {isa = PBXBuildFile; fileRef = 4171BE831ECB504900B9CDD7 /* Registration.swift */; };
		41979406203185460034298D /* start_img.png in Resources */ = {isa = PBXBuildFile; fileRef = 41979405203185460034298D /* start_img.png */; };
		41979408203185F40034298D /* sminex_logo.png in Resources */ = {isa = PBXBuildFile; fileRef = 41979407203185F30034298D /* sminex_logo.png */; };
		4197940B2032C9520034298D /* Registration_Sminex.swift in Sources */ = {isa = PBXBuildFile; fileRef = 4197940A2032C9520034298D /* Registration_Sminex.swift */; };
		419CBB061EEF631700E07021 /* AppCons.swift in Sources */ = {isa = PBXBuildFile; fileRef = 419CBB051EEF631700E07021 /* AppCons.swift */; };
		419CBB081EEF65C700E07021 /* ic_get_app.png in Resources */ = {isa = PBXBuildFile; fileRef = 419CBB071EEF65C700E07021 /* ic_get_app.png */; };
		419CBB0A1EEF661B00E07021 /* ic_send_app.png in Resources */ = {isa = PBXBuildFile; fileRef = 419CBB091EEF661B00E07021 /* ic_send_app.png */; };
		419CBB0C1EEF663500E07021 /* ic_ok_app.png in Resources */ = {isa = PBXBuildFile; fileRef = 419CBB0B1EEF663500E07021 /* ic_ok_app.png */; };
		419CBB121EF03E1A00E07021 /* ic_menu_call.png in Resources */ = {isa = PBXBuildFile; fileRef = 419CBB111EF03E1A00E07021 /* ic_menu_call.png */; };
		419CBB161EF0AE2500E07021 /* ExitViewController.swift in Sources */ = {isa = PBXBuildFile; fileRef = 419CBB151EF0AE2500E07021 /* ExitViewController.swift */; };
		419CBB181EF2068400E07021 /* menu_exit.png in Resources */ = {isa = PBXBuildFile; fileRef = 419CBB171EF2068400E07021 /* menu_exit.png */; };
		419CBB1A1EF2069700E07021 /* menu_cost.png in Resources */ = {isa = PBXBuildFile; fileRef = 419CBB191EF2069700E07021 /* menu_cost.png */; };
		419CBB1C1EF206A600E07021 /* menu_osv.png in Resources */ = {isa = PBXBuildFile; fileRef = 419CBB1B1EF206A600E07021 /* menu_osv.png */; };
		41B267F8203311A0000AEEB1 /* Registration_Sminex_SMS.swift in Sources */ = {isa = PBXBuildFile; fileRef = 41B267F7203311A0000AEEB1 /* Registration_Sminex_SMS.swift */; };
		41CD68661F2ED8F9002CB7AF /* MenuUser.swift in Sources */ = {isa = PBXBuildFile; fileRef = 41CD68651F2ED8F9002CB7AF /* MenuUser.swift */; };
		41CDF01520350BB300A680AF /* TransitionManager.swift in Sources */ = {isa = PBXBuildFile; fileRef = 41CDF01420350BB300A680AF /* TransitionManager.swift */; };
		41D2BF541F8CA4D000D915A5 /* circled_chevron_up.png in Resources */ = {isa = PBXBuildFile; fileRef = 41D2BF521F8CA48900D915A5 /* circled_chevron_up.png */; };
		41D2BF5B1F8CA76500D915A5 /* circled_chevron_down.png in Resources */ = {isa = PBXBuildFile; fileRef = 41D2BF531F8CA48E00D915A5 /* circled_chevron_down.png */; };
		41D3E62F1F188E150084BB92 /* FirstController.swift in Sources */ = {isa = PBXBuildFile; fileRef = 41D3E62E1F188E150084BB92 /* FirstController.swift */; };
		41D3E6311F1890D40084BB92 /* ViewController_UK.swift in Sources */ = {isa = PBXBuildFile; fileRef = 41D3E6301F1890D40084BB92 /* ViewController_UK.swift */; };
		41D3E6331F19AA130084BB92 /* RegistrationAdress.swift in Sources */ = {isa = PBXBuildFile; fileRef = 41D3E6321F19AA130084BB92 /* RegistrationAdress.swift */; };
		41D3E6351F19AA620084BB92 /* home.png in Resources */ = {isa = PBXBuildFile; fileRef = 41D3E6341F19AA620084BB92 /* home.png */; };
		41D3E6371F19AA710084BB92 /* flat.png in Resources */ = {isa = PBXBuildFile; fileRef = 41D3E6361F19AA710084BB92 /* flat.png */; };
		41D9FBA61ED92E7600925972 /* DB.swift in Sources */ = {isa = PBXBuildFile; fileRef = 41D9FBA51ED92E7600925972 /* DB.swift */; };
		41D9FBD71ED9563A00925972 /* Counters+CoreDataClass.swift in Sources */ = {isa = PBXBuildFile; fileRef = 41D9FBD51ED9563A00925972 /* Counters+CoreDataClass.swift */; };
		41D9FBD81ED9563A00925972 /* Counters+CoreDataProperties.swift in Sources */ = {isa = PBXBuildFile; fileRef = 41D9FBD61ED9563A00925972 /* Counters+CoreDataProperties.swift */; };
		41D9FBD91ED965AA00925972 /* DemoUC.xcdatamodeld in Sources */ = {isa = PBXBuildFile; fileRef = 4171BE651ECB369A00B9CDD7 /* DemoUC.xcdatamodeld */; };
		41D9FBE01EDA810E00925972 /* fon_counters.png in Resources */ = {isa = PBXBuildFile; fileRef = 41D9FBDF1EDA810E00925972 /* fon_counters.png */; };
		41D9FBE71EDA9C0200925972 /* ic_action_left.png in Resources */ = {isa = PBXBuildFile; fileRef = 41D9FBE61EDA9C0200925972 /* ic_action_left.png */; };
		41D9FBE91EDA9C6C00925972 /* ic_action_rigth.png in Resources */ = {isa = PBXBuildFile; fileRef = 41D9FBE81EDA9C6C00925972 /* ic_action_rigth.png */; };
		41DBC59C1ECC72FC004BDB9B /* Server.swift in Sources */ = {isa = PBXBuildFile; fileRef = 41DBC59B1ECC72FC004BDB9B /* Server.swift */; };
		41DBC59E1ECC8F7A004BDB9B /* new_number_ls.png in Resources */ = {isa = PBXBuildFile; fileRef = 41DBC59D1ECC8F7A004BDB9B /* new_number_ls.png */; };
		41DBC5A01ECC8F83004BDB9B /* new_phone.png in Resources */ = {isa = PBXBuildFile; fileRef = 41DBC59F1ECC8F83004BDB9B /* new_phone.png */; };
		41DBC5A21ECC8F94004BDB9B /* new_mail.png in Resources */ = {isa = PBXBuildFile; fileRef = 41DBC5A11ECC8F94004BDB9B /* new_mail.png */; };
		41DFA81D1ED3414800F15109 /* AppsCons.swift in Sources */ = {isa = PBXBuildFile; fileRef = 41DFA81C1ED3414800F15109 /* AppsCons.swift */; };
		41DFA81F1ED3454B00F15109 /* menu_apps.png in Resources */ = {isa = PBXBuildFile; fileRef = 41DFA81E1ED3454B00F15109 /* menu_apps.png */; };
		41DFA8211ED3455800F15109 /* menu_setting.png in Resources */ = {isa = PBXBuildFile; fileRef = 41DFA8201ED3455800F15109 /* menu_setting.png */; };
		41DFA8241ED3475700F15109 /* SettingsCons.swift in Sources */ = {isa = PBXBuildFile; fileRef = 41DFA8231ED3475700F15109 /* SettingsCons.swift */; };
		41DFA8261ED34A4B00F15109 /* menu.png in Resources */ = {isa = PBXBuildFile; fileRef = 41DFA8251ED34A4B00F15109 /* menu.png */; };
		41DFA8291ED34E1100F15109 /* menu_counters.png in Resources */ = {isa = PBXBuildFile; fileRef = 41DFA8281ED34E1100F15109 /* menu_counters.png */; };
		41DFA8311ED34FBA00F15109 /* AppsUser.swift in Sources */ = {isa = PBXBuildFile; fileRef = 41DFA8301ED34FBA00F15109 /* AppsUser.swift */; };
		41DFA8351ED3500400F15109 /* OSV_User.swift in Sources */ = {isa = PBXBuildFile; fileRef = 41DFA8341ED3500400F15109 /* OSV_User.swift */; };
		41DFA8371ED3502400F15109 /* PayUser.swift in Sources */ = {isa = PBXBuildFile; fileRef = 41DFA8361ED3502400F15109 /* PayUser.swift */; };
		41DFA8391ED3504400F15109 /* SettingsUser.swift in Sources */ = {isa = PBXBuildFile; fileRef = 41DFA8381ED3504400F15109 /* SettingsUser.swift */; };
		41E229991EEE5EC000306120 /* AddAppCons.swift in Sources */ = {isa = PBXBuildFile; fileRef = 41E229981EEE5EC000306120 /* AddAppCons.swift */; };
		41E2299B1EEE67A900306120 /* ChoiceLS.swift in Sources */ = {isa = PBXBuildFile; fileRef = 41E2299A1EEE67A900306120 /* ChoiceLS.swift */; };
		41EBEC881ED17BDF009F6A9D /* SWRevealViewController.m in Sources */ = {isa = PBXBuildFile; fileRef = 41EBEC871ED17BDF009F6A9D /* SWRevealViewController.m */; };
		6C170AC8207CCF0200C84BE6 /* Deals.storyboard in Resources */ = {isa = PBXBuildFile; fileRef = 6C170AC7207CCF0200C84BE6 /* Deals.storyboard */; };
		6C170ACC207CD00E00C84BE6 /* DealsListVC.swift in Sources */ = {isa = PBXBuildFile; fileRef = 6C170ACB207CD00E00C84BE6 /* DealsListVC.swift */; };
		6C170ACE207CDDB400C84BE6 /* DealsListDescVC.swift in Sources */ = {isa = PBXBuildFile; fileRef = 6C170ACD207CDDB400C84BE6 /* DealsListDescVC.swift */; };
		6C2387C22062052400F20190 /* Segues.swift in Sources */ = {isa = PBXBuildFile; fileRef = 6C2387C12062052400F20190 /* Segues.swift */; };
		6C2D3288207F42D000F5F4C8 /* BarcodeGenerator.swift in Sources */ = {isa = PBXBuildFile; fileRef = 6C2D3287207F42D000F5F4C8 /* BarcodeGenerator.swift */; };
		6C2D328A207F834900F5F4C8 /* FinanceBarCodeVC.swift in Sources */ = {isa = PBXBuildFile; fileRef = 6C2D3289207F834900F5F4C8 /* FinanceBarCodeVC.swift */; };
		6C425610206B6EF0007E1BF6 /* Counter.storyboard in Resources */ = {isa = PBXBuildFile; fileRef = 6C42560F206B6EF0007E1BF6 /* Counter.storyboard */; };
		6C425614206B71AF007E1BF6 /* CounterTableVC.swift in Sources */ = {isa = PBXBuildFile; fileRef = 6C425613206B71AF007E1BF6 /* CounterTableVC.swift */; };
		6C439D912084BE7F0036FE74 /* FinancePayVC.swift in Sources */ = {isa = PBXBuildFile; fileRef = 6C439D902084BE7F0036FE74 /* FinancePayVC.swift */; };
		6C4C0A0D20675A83004EF2FF /* Requests.storyboard in Resources */ = {isa = PBXBuildFile; fileRef = 6C4C0A0C20675A83004EF2FF /* Requests.storyboard */; };
		6C4C0A0F20675B2B004EF2FF /* Auth.storyboard in Resources */ = {isa = PBXBuildFile; fileRef = 6C4C0A0E20675B2B004EF2FF /* Auth.storyboard */; };
		6C540780206E7C600050A0D0 /* Questions.storyboard in Resources */ = {isa = PBXBuildFile; fileRef = 6C54077F206E7C600050A0D0 /* Questions.storyboard */; };
		6C55E4AE207497A0003E432A /* OnOffButton.swift in Sources */ = {isa = PBXBuildFile; fileRef = 6C55E4AD207497A0003E432A /* OnOffButton.swift */; };
		6C5AE242206A074900438B46 /* RequestEntity+CoreDataClass.swift in Sources */ = {isa = PBXBuildFile; fileRef = 6C5AE241206A074900438B46 /* RequestEntity+CoreDataClass.swift */; };
		6C5AE244206A086400438B46 /* RequestEntity+CoreDataProperties.swift in Sources */ = {isa = PBXBuildFile; fileRef = 6C5AE243206A086400438B46 /* RequestEntity+CoreDataProperties.swift */; };
		6C5E78DD2064DF7200805EF1 /* RequestTypeVC.swift in Sources */ = {isa = PBXBuildFile; fileRef = 6C5E78DC2064DF7200805EF1 /* RequestTypeVC.swift */; };
		6C5E78DF2064EF6F00805EF1 /* TemporaryHolder.swift in Sources */ = {isa = PBXBuildFile; fileRef = 6C5E78DE2064EF6F00805EF1 /* TemporaryHolder.swift */; };
		6C5E78E4206505A900805EF1 /* AdmissionVC.swift in Sources */ = {isa = PBXBuildFile; fileRef = 6C5E78E3206505A900805EF1 /* AdmissionVC.swift */; };
		6C62C26F207E6E9C00B5EA11 /* Info.plist in Resources */ = {isa = PBXBuildFile; fileRef = 4171BE6D1ECB369A00B9CDD7 /* Info.plist */; };
		6C62C271207F317400B5EA11 /* Finance.storyboard in Resources */ = {isa = PBXBuildFile; fileRef = 6C62C270207F317400B5EA11 /* Finance.storyboard */; };
		6C62C274207F32D800B5EA11 /* FinanceVC.swift in Sources */ = {isa = PBXBuildFile; fileRef = 6C62C273207F32D800B5EA11 /* FinanceVC.swift */; };
		6C6A36D4206102D00073FC2A /* RegistrationSminexEnterPassword.swift in Sources */ = {isa = PBXBuildFile; fileRef = 6C6A36D3206102D00073FC2A /* RegistrationSminexEnterPassword.swift */; };
		6C6A36D62061217F0073FC2A /* AppsConsCell.swift in Sources */ = {isa = PBXBuildFile; fileRef = 6C6A36D52061217F0073FC2A /* AppsConsCell.swift */; };
		6C6A6088207BBD47001DC95A /* AccountNotifications.swift in Sources */ = {isa = PBXBuildFile; fileRef = 6C6A6087207BBD47001DC95A /* AccountNotifications.swift */; };
		6C737FEF2080A2ED00AC0250 /* FinanceDebtVC.swift in Sources */ = {isa = PBXBuildFile; fileRef = 6C737FEE2080A2ED00AC0250 /* FinanceDebtVC.swift */; };
		6C7AA96320720EB400D27FE2 /* QuestionFinalVC.swift in Sources */ = {isa = PBXBuildFile; fileRef = 6C7AA96220720EB400D27FE2 /* QuestionFinalVC.swift */; };
		6C7AA967207211E100D27FE2 /* QuestionEntity+CoreDataClass.swift in Sources */ = {isa = PBXBuildFile; fileRef = 6C7AA966207211E100D27FE2 /* QuestionEntity+CoreDataClass.swift */; };
		6C7AA9692072120900D27FE2 /* QuestionEntity+CoreDataProperties.swift in Sources */ = {isa = PBXBuildFile; fileRef = 6C7AA9682072120900D27FE2 /* QuestionEntity+CoreDataProperties.swift */; };
		6C7B0B68206BCA0200E974AE /* DigitInput.swift in Sources */ = {isa = PBXBuildFile; fileRef = 6C7B0B67206BCA0200E974AE /* DigitInput.swift */; };
		6C7F90E6207633EB00CFA721 /* Account.storyboard in Resources */ = {isa = PBXBuildFile; fileRef = 6C7F90E5207633EB00CFA721 /* Account.storyboard */; };
		6C7F90E920772DDA00CFA721 /* AccountSettingsVC.swift in Sources */ = {isa = PBXBuildFile; fileRef = 6C7F90E820772DDA00CFA721 /* AccountSettingsVC.swift */; };
		6C7F90EB2077365000CFA721 /* AccountChangePasswordVC.swift in Sources */ = {isa = PBXBuildFile; fileRef = 6C7F90EA2077365000CFA721 /* AccountChangePasswordVC.swift */; };
		6C8A1E032060BBD8009389A5 /* Extensions.swift in Sources */ = {isa = PBXBuildFile; fileRef = 6C8A1E022060BBD8009389A5 /* Extensions.swift */; };
		6C8C69C9206CA03C0090A49D /* CounterHistoryVC.swift in Sources */ = {isa = PBXBuildFile; fileRef = 6C8C69C8206CA03C0090A49D /* CounterHistoryVC.swift */; };
		6C8C69CB206CA0D00090A49D /* CounterHistoryTableVC.swift in Sources */ = {isa = PBXBuildFile; fileRef = 6C8C69CA206CA0D00090A49D /* CounterHistoryTableVC.swift */; };
		6C938C75206F4B9B00E34EA1 /* QuestionsTableVC.swift in Sources */ = {isa = PBXBuildFile; fileRef = 6C938C74206F4B9B00E34EA1 /* QuestionsTableVC.swift */; };
		6C938C77206F4E9200E34EA1 /* QuestionsJson.swift in Sources */ = {isa = PBXBuildFile; fileRef = 6C938C76206F4E9200E34EA1 /* QuestionsJson.swift */; };
		6C938C79206F56F300E34EA1 /* QuestionAnswerVC.swift in Sources */ = {isa = PBXBuildFile; fileRef = 6C938C78206F56F300E34EA1 /* QuestionAnswerVC.swift */; };
		6CA10FA0206B964400612D03 /* CounterStatementVC.swift in Sources */ = {isa = PBXBuildFile; fileRef = 6CA10F9F206B964400612D03 /* CounterStatementVC.swift */; };
		6CA908152063A7EB00CB78FE /* MainScreenVC.swift in Sources */ = {isa = PBXBuildFile; fileRef = 6CA908142063A7EB00CB78FE /* MainScreenVC.swift */; };
		6CD3AD9520661413001589B7 /* CreateRequestVC.swift in Sources */ = {isa = PBXBuildFile; fileRef = 6CD3AD9420661413001589B7 /* CreateRequestVC.swift */; };
		6CD3AD97206622AE001589B7 /* TechServiceVC.swift in Sources */ = {isa = PBXBuildFile; fileRef = 6CD3AD96206622AE001589B7 /* TechServiceVC.swift */; };
		6CD3AD99206624A7001589B7 /* CreateTechServiceVC.swift in Sources */ = {isa = PBXBuildFile; fileRef = 6CD3AD98206624A7001589B7 /* CreateTechServiceVC.swift */; };
		6CFB5C68208345CB0028D331 /* FinanceDebtArchiveVC.swift in Sources */ = {isa = PBXBuildFile; fileRef = 6CFB5C67208345CB0028D331 /* FinanceDebtArchiveVC.swift */; };
		6CFB5C6C2083ADC40028D331 /* FinanceCalcsArchiveVC.swift in Sources */ = {isa = PBXBuildFile; fileRef = 6CFB5C6B2083ADC40028D331 /* FinanceCalcsArchiveVC.swift */; };
		6CFB5C6E2083AFF40028D331 /* FinanceCalcVC.swift in Sources */ = {isa = PBXBuildFile; fileRef = 6CFB5C6D2083AFF40028D331 /* FinanceCalcVC.swift */; };
/* End PBXBuildFile section */

/* Begin PBXFileReference section */
		410775181F204C1C0064BCDC /* ic_ok_app_white.png */ = {isa = PBXFileReference; lastKnownFileType = image.png; path = ic_ok_app_white.png; sourceTree = "<group>"; };
		4111589E1F1CE56A002F6074 /* fon_app_gkrzs.jpg */ = {isa = PBXFileReference; lastKnownFileType = image.jpeg; path = fon_app_gkrzs.jpg; sourceTree = "<group>"; };
		4111589F1F1CE56A002F6074 /* fon_counters_gkrzs.jpg */ = {isa = PBXFileReference; lastKnownFileType = image.jpeg; path = fon_counters_gkrzs.jpg; sourceTree = "<group>"; };
		4111CA351EF4FBCB00BBEB7B /* Modal.swift */ = {isa = PBXFileReference; fileEncoding = 4; lastKnownFileType = sourcecode.swift; path = Modal.swift; sourceTree = "<group>"; };
		4111CA371EF4FC1800BBEB7B /* AddCom.swift */ = {isa = PBXFileReference; fileEncoding = 4; lastKnownFileType = sourcecode.swift; path = AddCom.swift; sourceTree = "<group>"; };
		411942EC1F4964CE006E2E0F /* RegistrationAdress4.swift */ = {isa = PBXFileReference; fileEncoding = 4; lastKnownFileType = sourcecode.swift; path = RegistrationAdress4.swift; sourceTree = "<group>"; };
		411B6CC71EE3A7EC001DCBC7 /* Saldo+CoreDataClass.swift */ = {isa = PBXFileReference; fileEncoding = 4; lastKnownFileType = sourcecode.swift; name = "Saldo+CoreDataClass.swift"; path = "../Saldo+CoreDataClass.swift"; sourceTree = "<group>"; };
		411B6CC81EE3A7EC001DCBC7 /* Saldo+CoreDataProperties.swift */ = {isa = PBXFileReference; fileEncoding = 4; lastKnownFileType = sourcecode.swift; name = "Saldo+CoreDataProperties.swift"; path = "../Saldo+CoreDataProperties.swift"; sourceTree = "<group>"; };
		411B6CCF1EE3D0BA001DCBC7 /* GoogleService-Info.plist */ = {isa = PBXFileReference; fileEncoding = 4; lastKnownFileType = text.plist.xml; path = "GoogleService-Info.plist"; sourceTree = "<group>"; };
		411B6CD11EE3FFBD001DCBC7 /* DemoUC.entitlements */ = {isa = PBXFileReference; lastKnownFileType = text.plist.entitlements; path = DemoUC.entitlements; sourceTree = "<group>"; };
		411B6CD21EE6FF22001DCBC7 /* Comments+CoreDataClass.swift */ = {isa = PBXFileReference; fileEncoding = 4; lastKnownFileType = sourcecode.swift; path = "Comments+CoreDataClass.swift"; sourceTree = "<group>"; };
		411B6CD31EE6FF22001DCBC7 /* Comments+CoreDataProperties.swift */ = {isa = PBXFileReference; fileEncoding = 4; lastKnownFileType = sourcecode.swift; path = "Comments+CoreDataProperties.swift"; sourceTree = "<group>"; };
		411B6CD41EE6FF22001DCBC7 /* Houses+CoreDataClass.swift */ = {isa = PBXFileReference; fileEncoding = 4; lastKnownFileType = sourcecode.swift; path = "Houses+CoreDataClass.swift"; sourceTree = "<group>"; };
		411B6CD51EE6FF22001DCBC7 /* Houses+CoreDataProperties.swift */ = {isa = PBXFileReference; fileEncoding = 4; lastKnownFileType = sourcecode.swift; path = "Houses+CoreDataProperties.swift"; sourceTree = "<group>"; };
		411B6CD61EE6FF22001DCBC7 /* Ls+CoreDataClass.swift */ = {isa = PBXFileReference; fileEncoding = 4; lastKnownFileType = sourcecode.swift; path = "Ls+CoreDataClass.swift"; sourceTree = "<group>"; };
		411B6CD71EE6FF22001DCBC7 /* Ls+CoreDataProperties.swift */ = {isa = PBXFileReference; fileEncoding = 4; lastKnownFileType = sourcecode.swift; path = "Ls+CoreDataProperties.swift"; sourceTree = "<group>"; };
		411B6CD81EE6FF22001DCBC7 /* Flats+CoreDataClass.swift */ = {isa = PBXFileReference; fileEncoding = 4; lastKnownFileType = sourcecode.swift; path = "Flats+CoreDataClass.swift"; sourceTree = "<group>"; };
		411B6CD91EE6FF22001DCBC7 /* Flats+CoreDataProperties.swift */ = {isa = PBXFileReference; fileEncoding = 4; lastKnownFileType = sourcecode.swift; path = "Flats+CoreDataProperties.swift"; sourceTree = "<group>"; };
		411B6CDA1EE6FF22001DCBC7 /* Applications+CoreDataClass.swift */ = {isa = PBXFileReference; fileEncoding = 4; lastKnownFileType = sourcecode.swift; path = "Applications+CoreDataClass.swift"; sourceTree = "<group>"; };
		411B6CDB1EE6FF22001DCBC7 /* Applications+CoreDataProperties.swift */ = {isa = PBXFileReference; fileEncoding = 4; lastKnownFileType = sourcecode.swift; path = "Applications+CoreDataProperties.swift"; sourceTree = "<group>"; };
		411B6CDC1EE6FF22001DCBC7 /* Fotos+CoreDataClass.swift */ = {isa = PBXFileReference; fileEncoding = 4; lastKnownFileType = sourcecode.swift; path = "Fotos+CoreDataClass.swift"; sourceTree = "<group>"; };
		411B6CDD1EE6FF22001DCBC7 /* Fotos+CoreDataProperties.swift */ = {isa = PBXFileReference; fileEncoding = 4; lastKnownFileType = sourcecode.swift; path = "Fotos+CoreDataProperties.swift"; sourceTree = "<group>"; };
		411B6CEA1EE700B1001DCBC7 /* ic_comm_list.png */ = {isa = PBXFileReference; lastKnownFileType = image.png; path = ic_comm_list.png; sourceTree = "<group>"; };
		411B6CEF1EE71AA1001DCBC7 /* add_app.png */ = {isa = PBXFileReference; lastKnownFileType = image.png; path = add_app.png; sourceTree = "<group>"; };
		411B6CF11EE71C6A001DCBC7 /* AddAppUser.swift */ = {isa = PBXFileReference; fileEncoding = 4; lastKnownFileType = sourcecode.swift; path = AddAppUser.swift; sourceTree = "<group>"; };
		411B6CF31EE722C4001DCBC7 /* AppUser.swift */ = {isa = PBXFileReference; fileEncoding = 4; lastKnownFileType = sourcecode.swift; path = AppUser.swift; sourceTree = "<group>"; };
		411B6CF51EE7268F001DCBC7 /* fon_app.png */ = {isa = PBXFileReference; lastKnownFileType = image.png; path = fon_app.png; sourceTree = "<group>"; };
		4136BD131EEBAC7B000EAE37 /* ic_comm_action.png */ = {isa = PBXFileReference; lastKnownFileType = image.png; path = ic_comm_action.png; sourceTree = "<group>"; };
		4136BD151EEBAD30000EAE37 /* ic_close_action.png */ = {isa = PBXFileReference; lastKnownFileType = image.png; path = ic_close_action.png; sourceTree = "<group>"; };
		4136BD171EEBAD58000EAE37 /* ic_action_files_grey.png */ = {isa = PBXFileReference; lastKnownFileType = image.png; path = ic_action_files_grey.png; sourceTree = "<group>"; };
		4136BD701EEBB2A8000EAE37 /* FloatRatingView.swift */ = {isa = PBXFileReference; fileEncoding = 4; lastKnownFileType = sourcecode.swift; path = FloatRatingView.swift; sourceTree = "<group>"; };
		4136BD741EEBD695000EAE37 /* Files.swift */ = {isa = PBXFileReference; fileEncoding = 4; lastKnownFileType = sourcecode.swift; path = Files.swift; sourceTree = "<group>"; };
		4136BD761EEBDACE000EAE37 /* SelectItemController.swift */ = {isa = PBXFileReference; fileEncoding = 4; lastKnownFileType = sourcecode.swift; path = SelectItemController.swift; sourceTree = "<group>"; };
		4136BD781EED06B1000EAE37 /* logo_SM.png */ = {isa = PBXFileReference; lastKnownFileType = image.png; path = logo_SM.png; sourceTree = "<group>"; };
		4136BD7A1EED0F1F000EAE37 /* CloseAppAlert.swift */ = {isa = PBXFileReference; fileEncoding = 4; lastKnownFileType = sourcecode.swift; path = CloseAppAlert.swift; sourceTree = "<group>"; };
		4136BD7C1EED334B000EAE37 /* ic_comm_list_grey.png */ = {isa = PBXFileReference; lastKnownFileType = image.png; path = ic_comm_list_grey.png; sourceTree = "<group>"; };
		4138B7C11F15AAF500DD0B52 /* Choice_UK.swift */ = {isa = PBXFileReference; fileEncoding = 4; lastKnownFileType = sourcecode.swift; path = Choice_UK.swift; sourceTree = "<group>"; };
		414F65661F1CBE170084DE4A /* fon_top_gkrzs.png */ = {isa = PBXFileReference; lastKnownFileType = image.png; path = fon_top_gkrzs.png; sourceTree = "<group>"; };
		414F65691F1CC90F0084DE4A /* flat_gkrzs.png */ = {isa = PBXFileReference; lastKnownFileType = image.png; path = flat_gkrzs.png; sourceTree = "<group>"; };
		414F656B1F1CC91F0084DE4A /* home_gkrzs.png */ = {isa = PBXFileReference; lastKnownFileType = image.png; path = home_gkrzs.png; sourceTree = "<group>"; };
		414F656C1F1CC91F0084DE4A /* menu_apps_gkrzs.png */ = {isa = PBXFileReference; lastKnownFileType = image.png; path = menu_apps_gkrzs.png; sourceTree = "<group>"; };
		414F656D1F1CC91F0084DE4A /* menu_counters_gkrzs.png */ = {isa = PBXFileReference; lastKnownFileType = image.png; path = menu_counters_gkrzs.png; sourceTree = "<group>"; };
		414F656E1F1CC91F0084DE4A /* menu_settings_gkrzs.png */ = {isa = PBXFileReference; lastKnownFileType = image.png; path = menu_settings_gkrzs.png; sourceTree = "<group>"; };
		414F656F1F1CC91F0084DE4A /* new_face_gkrzs.png */ = {isa = PBXFileReference; lastKnownFileType = image.png; path = new_face_gkrzs.png; sourceTree = "<group>"; };
		414F65701F1CC91F0084DE4A /* new_face_think_gkrzs.png */ = {isa = PBXFileReference; lastKnownFileType = image.png; path = new_face_think_gkrzs.png; sourceTree = "<group>"; };
		414F65711F1CC91F0084DE4A /* new_mail_gkrzs.png */ = {isa = PBXFileReference; lastKnownFileType = image.png; path = new_mail_gkrzs.png; sourceTree = "<group>"; };
		414F65721F1CC91F0084DE4A /* new_number_ls_gkrzs.png */ = {isa = PBXFileReference; lastKnownFileType = image.png; path = new_number_ls_gkrzs.png; sourceTree = "<group>"; };
		414F65731F1CC91F0084DE4A /* new_phone_gkrzs.png */ = {isa = PBXFileReference; lastKnownFileType = image.png; path = new_phone_gkrzs.png; sourceTree = "<group>"; };
		414F65741F1CC91F0084DE4A /* new_zamok_gkrzs.png */ = {isa = PBXFileReference; lastKnownFileType = image.png; path = new_zamok_gkrzs.png; sourceTree = "<group>"; };
		4153B9BF1F5A284A00C56045 /* Choice_UK_Street.swift */ = {isa = PBXFileReference; fileEncoding = 4; lastKnownFileType = sourcecode.swift; path = Choice_UK_Street.swift; sourceTree = "<group>"; };
		4171BE5B1ECB369A00B9CDD7 /* Sminex.app */ = {isa = PBXFileReference; explicitFileType = wrapper.application; includeInIndex = 0; path = Sminex.app; sourceTree = BUILT_PRODUCTS_DIR; };
		4171BE5E1ECB369A00B9CDD7 /* AppDelegate.swift */ = {isa = PBXFileReference; lastKnownFileType = sourcecode.swift; path = AppDelegate.swift; sourceTree = "<group>"; };
		4171BE601ECB369A00B9CDD7 /* ViewController.swift */ = {isa = PBXFileReference; lastKnownFileType = sourcecode.swift; path = ViewController.swift; sourceTree = "<group>"; };
		4171BE631ECB369A00B9CDD7 /* Base */ = {isa = PBXFileReference; lastKnownFileType = file.storyboard; name = Base; path = Base.lproj/Main.storyboard; sourceTree = "<group>"; };
		4171BE661ECB369A00B9CDD7 /* DemoUC.xcdatamodel */ = {isa = PBXFileReference; lastKnownFileType = wrapper.xcdatamodel; path = DemoUC.xcdatamodel; sourceTree = "<group>"; };
		4171BE681ECB369A00B9CDD7 /* Assets.xcassets */ = {isa = PBXFileReference; lastKnownFileType = folder.assetcatalog; path = Assets.xcassets; sourceTree = "<group>"; };
		4171BE6B1ECB369A00B9CDD7 /* Base */ = {isa = PBXFileReference; lastKnownFileType = file.storyboard; name = Base; path = Base.lproj/LaunchScreen.storyboard; sourceTree = "<group>"; };
		4171BE6D1ECB369A00B9CDD7 /* Info.plist */ = {isa = PBXFileReference; lastKnownFileType = text.plist.xml; name = Info.plist; path = Sminex/Info.plist; sourceTree = "<group>"; };
		4171BE741ECB392B00B9CDD7 /* CoreDataManager.swift */ = {isa = PBXFileReference; fileEncoding = 4; lastKnownFileType = sourcecode.swift; path = CoreDataManager.swift; sourceTree = "<group>"; };
		4171BE791ECB402F00B9CDD7 /* fon_top.png */ = {isa = PBXFileReference; lastKnownFileType = image.png; path = fon_top.png; sourceTree = "<group>"; };
		4171BE7B1ECB41A200B9CDD7 /* new_face.png */ = {isa = PBXFileReference; lastKnownFileType = image.png; path = new_face.png; sourceTree = "<group>"; };
		4171BE7D1ECB41D300B9CDD7 /* new_zamok.png */ = {isa = PBXFileReference; lastKnownFileType = image.png; path = new_zamok.png; sourceTree = "<group>"; };
		4171BE831ECB504900B9CDD7 /* Registration.swift */ = {isa = PBXFileReference; fileEncoding = 4; lastKnownFileType = sourcecode.swift; path = Registration.swift; sourceTree = "<group>"; };
		4179A6EE1F4D58DA00D4F565 /* log.png */ = {isa = PBXFileReference; lastKnownFileType = image.png; path = log.png; sourceTree = "<group>"; };
		41979405203185460034298D /* start_img.png */ = {isa = PBXFileReference; lastKnownFileType = image.png; path = start_img.png; sourceTree = "<group>"; };
		41979407203185F30034298D /* sminex_logo.png */ = {isa = PBXFileReference; lastKnownFileType = image.png; path = sminex_logo.png; sourceTree = "<group>"; };
		4197940A2032C9520034298D /* Registration_Sminex.swift */ = {isa = PBXFileReference; lastKnownFileType = sourcecode.swift; path = Registration_Sminex.swift; sourceTree = "<group>"; };
		419CBB051EEF631700E07021 /* AppCons.swift */ = {isa = PBXFileReference; fileEncoding = 4; lastKnownFileType = sourcecode.swift; path = AppCons.swift; sourceTree = "<group>"; };
		419CBB071EEF65C700E07021 /* ic_get_app.png */ = {isa = PBXFileReference; lastKnownFileType = image.png; path = ic_get_app.png; sourceTree = "<group>"; };
		419CBB091EEF661B00E07021 /* ic_send_app.png */ = {isa = PBXFileReference; lastKnownFileType = image.png; path = ic_send_app.png; sourceTree = "<group>"; };
		419CBB0B1EEF663500E07021 /* ic_ok_app.png */ = {isa = PBXFileReference; lastKnownFileType = image.png; path = ic_ok_app.png; sourceTree = "<group>"; };
		419CBB111EF03E1A00E07021 /* ic_menu_call.png */ = {isa = PBXFileReference; lastKnownFileType = image.png; path = ic_menu_call.png; sourceTree = "<group>"; };
		419CBB151EF0AE2500E07021 /* ExitViewController.swift */ = {isa = PBXFileReference; fileEncoding = 4; lastKnownFileType = sourcecode.swift; path = ExitViewController.swift; sourceTree = "<group>"; };
		419CBB171EF2068400E07021 /* menu_exit.png */ = {isa = PBXFileReference; lastKnownFileType = image.png; path = menu_exit.png; sourceTree = "<group>"; };
		419CBB191EF2069700E07021 /* menu_cost.png */ = {isa = PBXFileReference; lastKnownFileType = image.png; path = menu_cost.png; sourceTree = "<group>"; };
		419CBB1B1EF206A600E07021 /* menu_osv.png */ = {isa = PBXFileReference; lastKnownFileType = image.png; path = menu_osv.png; sourceTree = "<group>"; };
		41B267F7203311A0000AEEB1 /* Registration_Sminex_SMS.swift */ = {isa = PBXFileReference; lastKnownFileType = sourcecode.swift; path = Registration_Sminex_SMS.swift; sourceTree = "<group>"; };
		41CD68651F2ED8F9002CB7AF /* MenuUser.swift */ = {isa = PBXFileReference; fileEncoding = 4; lastKnownFileType = sourcecode.swift; path = MenuUser.swift; sourceTree = "<group>"; };
		41CDF01420350BB300A680AF /* TransitionManager.swift */ = {isa = PBXFileReference; lastKnownFileType = sourcecode.swift; path = TransitionManager.swift; sourceTree = "<group>"; };
		41D04D481F2063B80083BF19 /* ic_send_app_white.png */ = {isa = PBXFileReference; lastKnownFileType = image.png; path = ic_send_app_white.png; sourceTree = "<group>"; };
		41D04D4A1F2063D90083BF19 /* ic_action_files_white.png */ = {isa = PBXFileReference; lastKnownFileType = image.png; path = ic_action_files_white.png; sourceTree = "<group>"; };
		41D04D4C1F2063EB0083BF19 /* ic_comm_action_white.png */ = {isa = PBXFileReference; lastKnownFileType = image.png; path = ic_comm_action_white.png; sourceTree = "<group>"; };
		41D04D4E1F2064520083BF19 /* ic_get_app_white.png */ = {isa = PBXFileReference; lastKnownFileType = image.png; path = ic_get_app_white.png; sourceTree = "<group>"; };
		41D04D501F2064610083BF19 /* ic_close_action_white.png */ = {isa = PBXFileReference; lastKnownFileType = image.png; path = ic_close_action_white.png; sourceTree = "<group>"; };
		41D04D521F2066330083BF19 /* ic_comm_list_white.png */ = {isa = PBXFileReference; lastKnownFileType = image.png; path = ic_comm_list_white.png; sourceTree = "<group>"; };
		41D2BF431F8B7F6900D915A5 /* menu_counters.png */ = {isa = PBXFileReference; lastKnownFileType = image.png; name = menu_counters.png; path = ../../../../../StudioProjects/Learn/djApp/app/src/main/res/drawable/menu_counters.png; sourceTree = "<group>"; };
		41D2BF521F8CA48900D915A5 /* circled_chevron_up.png */ = {isa = PBXFileReference; lastKnownFileType = image.png; path = circled_chevron_up.png; sourceTree = "<group>"; };
		41D2BF531F8CA48E00D915A5 /* circled_chevron_down.png */ = {isa = PBXFileReference; lastKnownFileType = image.png; path = circled_chevron_down.png; sourceTree = "<group>"; };
		41D2BF561F8CA4D300D915A5 /* circled_chevron_up.png */ = {isa = PBXFileReference; lastKnownFileType = image.png; path = circled_chevron_up.png; sourceTree = "<group>"; };
		41D3E62E1F188E150084BB92 /* FirstController.swift */ = {isa = PBXFileReference; fileEncoding = 4; lastKnownFileType = sourcecode.swift; path = FirstController.swift; sourceTree = "<group>"; };
		41D3E6301F1890D40084BB92 /* ViewController_UK.swift */ = {isa = PBXFileReference; fileEncoding = 4; lastKnownFileType = sourcecode.swift; path = ViewController_UK.swift; sourceTree = "<group>"; };
		41D3E6321F19AA130084BB92 /* RegistrationAdress.swift */ = {isa = PBXFileReference; fileEncoding = 4; lastKnownFileType = sourcecode.swift; path = RegistrationAdress.swift; sourceTree = "<group>"; };
		41D3E6341F19AA620084BB92 /* home.png */ = {isa = PBXFileReference; lastKnownFileType = image.png; path = home.png; sourceTree = "<group>"; };
		41D3E6361F19AA710084BB92 /* flat.png */ = {isa = PBXFileReference; lastKnownFileType = image.png; path = flat.png; sourceTree = "<group>"; };
		41D9FBA51ED92E7600925972 /* DB.swift */ = {isa = PBXFileReference; fileEncoding = 4; lastKnownFileType = sourcecode.swift; path = DB.swift; sourceTree = "<group>"; };
		41D9FBD51ED9563A00925972 /* Counters+CoreDataClass.swift */ = {isa = PBXFileReference; fileEncoding = 4; lastKnownFileType = sourcecode.swift; name = "Counters+CoreDataClass.swift"; path = "../Counters+CoreDataClass.swift"; sourceTree = "<group>"; };
		41D9FBD61ED9563A00925972 /* Counters+CoreDataProperties.swift */ = {isa = PBXFileReference; fileEncoding = 4; lastKnownFileType = sourcecode.swift; name = "Counters+CoreDataProperties.swift"; path = "../Counters+CoreDataProperties.swift"; sourceTree = "<group>"; };
		41D9FBDF1EDA810E00925972 /* fon_counters.png */ = {isa = PBXFileReference; lastKnownFileType = image.png; path = fon_counters.png; sourceTree = "<group>"; };
		41D9FBE61EDA9C0200925972 /* ic_action_left.png */ = {isa = PBXFileReference; lastKnownFileType = image.png; path = ic_action_left.png; sourceTree = "<group>"; };
		41D9FBE81EDA9C6C00925972 /* ic_action_rigth.png */ = {isa = PBXFileReference; lastKnownFileType = image.png; path = ic_action_rigth.png; sourceTree = "<group>"; };
		41DBC59B1ECC72FC004BDB9B /* Server.swift */ = {isa = PBXFileReference; fileEncoding = 4; lastKnownFileType = sourcecode.swift; path = Server.swift; sourceTree = "<group>"; };
		41DBC59D1ECC8F7A004BDB9B /* new_number_ls.png */ = {isa = PBXFileReference; lastKnownFileType = image.png; path = new_number_ls.png; sourceTree = "<group>"; };
		41DBC59F1ECC8F83004BDB9B /* new_phone.png */ = {isa = PBXFileReference; lastKnownFileType = image.png; path = new_phone.png; sourceTree = "<group>"; };
		41DBC5A11ECC8F94004BDB9B /* new_mail.png */ = {isa = PBXFileReference; lastKnownFileType = image.png; path = new_mail.png; sourceTree = "<group>"; };
		41DFA81C1ED3414800F15109 /* AppsCons.swift */ = {isa = PBXFileReference; fileEncoding = 4; lastKnownFileType = sourcecode.swift; path = AppsCons.swift; sourceTree = "<group>"; };
		41DFA81E1ED3454B00F15109 /* menu_apps.png */ = {isa = PBXFileReference; lastKnownFileType = image.png; path = menu_apps.png; sourceTree = "<group>"; };
		41DFA8201ED3455800F15109 /* menu_setting.png */ = {isa = PBXFileReference; lastKnownFileType = image.png; path = menu_setting.png; sourceTree = "<group>"; };
		41DFA8231ED3475700F15109 /* SettingsCons.swift */ = {isa = PBXFileReference; fileEncoding = 4; lastKnownFileType = sourcecode.swift; path = SettingsCons.swift; sourceTree = "<group>"; };
		41DFA8251ED34A4B00F15109 /* menu.png */ = {isa = PBXFileReference; lastKnownFileType = image.png; path = menu.png; sourceTree = "<group>"; };
		41DFA8281ED34E1100F15109 /* menu_counters.png */ = {isa = PBXFileReference; lastKnownFileType = image.png; path = menu_counters.png; sourceTree = "<group>"; };
		41DFA8301ED34FBA00F15109 /* AppsUser.swift */ = {isa = PBXFileReference; fileEncoding = 4; lastKnownFileType = sourcecode.swift; path = AppsUser.swift; sourceTree = "<group>"; };
		41DFA8341ED3500400F15109 /* OSV_User.swift */ = {isa = PBXFileReference; fileEncoding = 4; lastKnownFileType = sourcecode.swift; path = OSV_User.swift; sourceTree = "<group>"; };
		41DFA8361ED3502400F15109 /* PayUser.swift */ = {isa = PBXFileReference; fileEncoding = 4; lastKnownFileType = sourcecode.swift; path = PayUser.swift; sourceTree = "<group>"; };
		41DFA8381ED3504400F15109 /* SettingsUser.swift */ = {isa = PBXFileReference; fileEncoding = 4; lastKnownFileType = sourcecode.swift; path = SettingsUser.swift; sourceTree = "<group>"; };
		41E229981EEE5EC000306120 /* AddAppCons.swift */ = {isa = PBXFileReference; fileEncoding = 4; lastKnownFileType = sourcecode.swift; path = AddAppCons.swift; sourceTree = "<group>"; };
		41E2299A1EEE67A900306120 /* ChoiceLS.swift */ = {isa = PBXFileReference; fileEncoding = 4; lastKnownFileType = sourcecode.swift; path = ChoiceLS.swift; sourceTree = "<group>"; };
		41EBEC851ED17BDF009F6A9D /* DemoUC-Bridging-Header.h */ = {isa = PBXFileReference; lastKnownFileType = sourcecode.c.h; path = "DemoUC-Bridging-Header.h"; sourceTree = "<group>"; };
		41EBEC861ED17BDF009F6A9D /* SWRevealViewController.h */ = {isa = PBXFileReference; fileEncoding = 4; lastKnownFileType = sourcecode.c.h; path = SWRevealViewController.h; sourceTree = "<group>"; };
		41EBEC871ED17BDF009F6A9D /* SWRevealViewController.m */ = {isa = PBXFileReference; fileEncoding = 4; lastKnownFileType = sourcecode.c.objc; path = SWRevealViewController.m; sourceTree = "<group>"; };
		6C170AC7207CCF0200C84BE6 /* Deals.storyboard */ = {isa = PBXFileReference; fileEncoding = 4; lastKnownFileType = file.storyboard; path = Deals.storyboard; sourceTree = "<group>"; };
		6C170ACB207CD00E00C84BE6 /* DealsListVC.swift */ = {isa = PBXFileReference; lastKnownFileType = sourcecode.swift; path = DealsListVC.swift; sourceTree = "<group>"; };
		6C170ACD207CDDB400C84BE6 /* DealsListDescVC.swift */ = {isa = PBXFileReference; lastKnownFileType = sourcecode.swift; path = DealsListDescVC.swift; sourceTree = "<group>"; };
		6C2387C12062052400F20190 /* Segues.swift */ = {isa = PBXFileReference; lastKnownFileType = sourcecode.swift; path = Segues.swift; sourceTree = "<group>"; };
		6C2D3287207F42D000F5F4C8 /* BarcodeGenerator.swift */ = {isa = PBXFileReference; lastKnownFileType = sourcecode.swift; path = BarcodeGenerator.swift; sourceTree = "<group>"; };
		6C2D3289207F834900F5F4C8 /* FinanceBarCodeVC.swift */ = {isa = PBXFileReference; lastKnownFileType = sourcecode.swift; path = FinanceBarCodeVC.swift; sourceTree = "<group>"; };
		6C42560F206B6EF0007E1BF6 /* Counter.storyboard */ = {isa = PBXFileReference; fileEncoding = 4; lastKnownFileType = file.storyboard; path = Counter.storyboard; sourceTree = "<group>"; };
		6C425613206B71AF007E1BF6 /* CounterTableVC.swift */ = {isa = PBXFileReference; lastKnownFileType = sourcecode.swift; path = CounterTableVC.swift; sourceTree = "<group>"; };
		6C439D902084BE7F0036FE74 /* FinancePayVC.swift */ = {isa = PBXFileReference; lastKnownFileType = sourcecode.swift; path = FinancePayVC.swift; sourceTree = "<group>"; };
		6C4C0A0C20675A83004EF2FF /* Requests.storyboard */ = {isa = PBXFileReference; fileEncoding = 4; lastKnownFileType = file.storyboard; path = Requests.storyboard; sourceTree = "<group>"; };
		6C4C0A0E20675B2B004EF2FF /* Auth.storyboard */ = {isa = PBXFileReference; fileEncoding = 4; lastKnownFileType = file.storyboard; path = Auth.storyboard; sourceTree = "<group>"; };
		6C54077F206E7C600050A0D0 /* Questions.storyboard */ = {isa = PBXFileReference; fileEncoding = 4; lastKnownFileType = file.storyboard; path = Questions.storyboard; sourceTree = "<group>"; };
		6C55E4AD207497A0003E432A /* OnOffButton.swift */ = {isa = PBXFileReference; lastKnownFileType = sourcecode.swift; path = OnOffButton.swift; sourceTree = "<group>"; };
		6C5AE241206A074900438B46 /* RequestEntity+CoreDataClass.swift */ = {isa = PBXFileReference; lastKnownFileType = sourcecode.swift; path = "RequestEntity+CoreDataClass.swift"; sourceTree = "<group>"; };
		6C5AE243206A086400438B46 /* RequestEntity+CoreDataProperties.swift */ = {isa = PBXFileReference; lastKnownFileType = sourcecode.swift; path = "RequestEntity+CoreDataProperties.swift"; sourceTree = "<group>"; };
		6C5E78DC2064DF7200805EF1 /* RequestTypeVC.swift */ = {isa = PBXFileReference; lastKnownFileType = sourcecode.swift; path = RequestTypeVC.swift; sourceTree = "<group>"; };
		6C5E78DE2064EF6F00805EF1 /* TemporaryHolder.swift */ = {isa = PBXFileReference; lastKnownFileType = sourcecode.swift; path = TemporaryHolder.swift; sourceTree = "<group>"; };
		6C5E78E3206505A900805EF1 /* AdmissionVC.swift */ = {isa = PBXFileReference; lastKnownFileType = sourcecode.swift; path = AdmissionVC.swift; sourceTree = "<group>"; };
		6C62C270207F317400B5EA11 /* Finance.storyboard */ = {isa = PBXFileReference; fileEncoding = 4; lastKnownFileType = file.storyboard; path = Finance.storyboard; sourceTree = "<group>"; };
		6C62C273207F32D800B5EA11 /* FinanceVC.swift */ = {isa = PBXFileReference; lastKnownFileType = sourcecode.swift; path = FinanceVC.swift; sourceTree = "<group>"; };
		6C6A36D3206102D00073FC2A /* RegistrationSminexEnterPassword.swift */ = {isa = PBXFileReference; lastKnownFileType = sourcecode.swift; path = RegistrationSminexEnterPassword.swift; sourceTree = "<group>"; };
		6C6A36D52061217F0073FC2A /* AppsConsCell.swift */ = {isa = PBXFileReference; lastKnownFileType = sourcecode.swift; path = AppsConsCell.swift; sourceTree = "<group>"; };
		6C6A6087207BBD47001DC95A /* AccountNotifications.swift */ = {isa = PBXFileReference; lastKnownFileType = sourcecode.swift; path = AccountNotifications.swift; sourceTree = "<group>"; };
		6C737FEE2080A2ED00AC0250 /* FinanceDebtVC.swift */ = {isa = PBXFileReference; lastKnownFileType = sourcecode.swift; path = FinanceDebtVC.swift; sourceTree = "<group>"; };
		6C7AA96220720EB400D27FE2 /* QuestionFinalVC.swift */ = {isa = PBXFileReference; lastKnownFileType = sourcecode.swift; path = QuestionFinalVC.swift; sourceTree = "<group>"; };
		6C7AA966207211E100D27FE2 /* QuestionEntity+CoreDataClass.swift */ = {isa = PBXFileReference; lastKnownFileType = sourcecode.swift; path = "QuestionEntity+CoreDataClass.swift"; sourceTree = "<group>"; };
		6C7AA9682072120900D27FE2 /* QuestionEntity+CoreDataProperties.swift */ = {isa = PBXFileReference; lastKnownFileType = sourcecode.swift; path = "QuestionEntity+CoreDataProperties.swift"; sourceTree = "<group>"; };
		6C7B0B67206BCA0200E974AE /* DigitInput.swift */ = {isa = PBXFileReference; lastKnownFileType = sourcecode.swift; path = DigitInput.swift; sourceTree = "<group>"; };
		6C7F90E5207633EB00CFA721 /* Account.storyboard */ = {isa = PBXFileReference; fileEncoding = 4; lastKnownFileType = file.storyboard; path = Account.storyboard; sourceTree = "<group>"; };
		6C7F90E820772DDA00CFA721 /* AccountSettingsVC.swift */ = {isa = PBXFileReference; lastKnownFileType = sourcecode.swift; path = AccountSettingsVC.swift; sourceTree = "<group>"; };
		6C7F90EA2077365000CFA721 /* AccountChangePasswordVC.swift */ = {isa = PBXFileReference; lastKnownFileType = sourcecode.swift; path = AccountChangePasswordVC.swift; sourceTree = "<group>"; };
		6C8A1E022060BBD8009389A5 /* Extensions.swift */ = {isa = PBXFileReference; lastKnownFileType = sourcecode.swift; path = Extensions.swift; sourceTree = "<group>"; };
		6C8C69C8206CA03C0090A49D /* CounterHistoryVC.swift */ = {isa = PBXFileReference; lastKnownFileType = sourcecode.swift; path = CounterHistoryVC.swift; sourceTree = "<group>"; };
		6C8C69CA206CA0D00090A49D /* CounterHistoryTableVC.swift */ = {isa = PBXFileReference; lastKnownFileType = sourcecode.swift; path = CounterHistoryTableVC.swift; sourceTree = "<group>"; };
		6C938C74206F4B9B00E34EA1 /* QuestionsTableVC.swift */ = {isa = PBXFileReference; lastKnownFileType = sourcecode.swift; path = QuestionsTableVC.swift; sourceTree = "<group>"; };
		6C938C76206F4E9200E34EA1 /* QuestionsJson.swift */ = {isa = PBXFileReference; lastKnownFileType = sourcecode.swift; path = QuestionsJson.swift; sourceTree = "<group>"; };
		6C938C78206F56F300E34EA1 /* QuestionAnswerVC.swift */ = {isa = PBXFileReference; lastKnownFileType = sourcecode.swift; path = QuestionAnswerVC.swift; sourceTree = "<group>"; };
		6CA10F9F206B964400612D03 /* CounterStatementVC.swift */ = {isa = PBXFileReference; lastKnownFileType = sourcecode.swift; path = CounterStatementVC.swift; sourceTree = "<group>"; };
		6CA908142063A7EB00CB78FE /* MainScreenVC.swift */ = {isa = PBXFileReference; lastKnownFileType = sourcecode.swift; path = MainScreenVC.swift; sourceTree = "<group>"; };
		6CD3AD9420661413001589B7 /* CreateRequestVC.swift */ = {isa = PBXFileReference; lastKnownFileType = sourcecode.swift; path = CreateRequestVC.swift; sourceTree = "<group>"; };
		6CD3AD96206622AE001589B7 /* TechServiceVC.swift */ = {isa = PBXFileReference; lastKnownFileType = sourcecode.swift; path = TechServiceVC.swift; sourceTree = "<group>"; };
		6CD3AD98206624A7001589B7 /* CreateTechServiceVC.swift */ = {isa = PBXFileReference; lastKnownFileType = sourcecode.swift; path = CreateTechServiceVC.swift; sourceTree = "<group>"; };
		6CFB5C67208345CB0028D331 /* FinanceDebtArchiveVC.swift */ = {isa = PBXFileReference; lastKnownFileType = sourcecode.swift; path = FinanceDebtArchiveVC.swift; sourceTree = "<group>"; };
		6CFB5C6B2083ADC40028D331 /* FinanceCalcsArchiveVC.swift */ = {isa = PBXFileReference; lastKnownFileType = sourcecode.swift; path = FinanceCalcsArchiveVC.swift; sourceTree = "<group>"; };
		6CFB5C6D2083AFF40028D331 /* FinanceCalcVC.swift */ = {isa = PBXFileReference; lastKnownFileType = sourcecode.swift; path = FinanceCalcVC.swift; sourceTree = "<group>"; };
		91A02736ADFEA29A50626132 /* Pods-Sminex.debug.xcconfig */ = {isa = PBXFileReference; includeInIndex = 1; lastKnownFileType = text.xcconfig; name = "Pods-Sminex.debug.xcconfig"; path = "Pods/Target Support Files/Pods-Sminex/Pods-Sminex.debug.xcconfig"; sourceTree = "<group>"; };
		CE321028C763199FEA05A93B /* Pods-Sminex.release.xcconfig */ = {isa = PBXFileReference; includeInIndex = 1; lastKnownFileType = text.xcconfig; name = "Pods-Sminex.release.xcconfig"; path = "Pods/Target Support Files/Pods-Sminex/Pods-Sminex.release.xcconfig"; sourceTree = "<group>"; };
		FA6E6EBF662F32D68C69BE89 /* Pods_Sminex.framework */ = {isa = PBXFileReference; explicitFileType = wrapper.framework; includeInIndex = 0; path = Pods_Sminex.framework; sourceTree = BUILT_PRODUCTS_DIR; };
/* End PBXFileReference section */

/* Begin PBXFrameworksBuildPhase section */
		4171BE581ECB369A00B9CDD7 /* Frameworks */ = {
			isa = PBXFrameworksBuildPhase;
			buildActionMask = 2147483647;
			files = (
				413CF9286F3F497C1198F3B9 /* Pods_Sminex.framework in Frameworks */,
			);
			runOnlyForDeploymentPostprocessing = 0;
		};
/* End PBXFrameworksBuildPhase section */

/* Begin PBXGroup section */
		0721891521207E0883A53CCE /* Frameworks */ = {
			isa = PBXGroup;
			children = (
				FA6E6EBF662F32D68C69BE89 /* Pods_Sminex.framework */,
			);
			name = Frameworks;
			sourceTree = "<group>";
		};
		411B6CC61EE3A6E5001DCBC7 /* OSV */ = {
			isa = PBXGroup;
			children = (
				41DFA8341ED3500400F15109 /* OSV_User.swift */,
			);
			name = OSV;
			sourceTree = "<group>";
		};
		411B6CEC1EE70242001DCBC7 /* Apps */ = {
			isa = PBXGroup;
			children = (
				411B6CF11EE71C6A001DCBC7 /* AddAppUser.swift */,
				411B6CF31EE722C4001DCBC7 /* AppUser.swift */,
				4136BD7A1EED0F1F000EAE37 /* CloseAppAlert.swift */,
			);
			name = Apps;
			sourceTree = "<group>";
		};
		4136BD721EEBB2B5000EAE37 /* RatingView */ = {
			isa = PBXGroup;
			children = (
				4136BD701EEBB2A8000EAE37 /* FloatRatingView.swift */,
			);
			name = RatingView;
			sourceTree = "<group>";
		};
		413BFBE51F38CA26003F8D44 /* fon_top */ = {
			isa = PBXGroup;
			children = (
				4171BE791ECB402F00B9CDD7 /* fon_top.png */,
			);
			name = fon_top;
			sourceTree = "<group>";
		};
		414F65681F1CC76A0084DE4A /* GKRZS */ = {
			isa = PBXGroup;
			children = (
				41D2BF431F8B7F6900D915A5 /* menu_counters.png */,
				414F65661F1CBE170084DE4A /* fon_top_gkrzs.png */,
				414F65691F1CC90F0084DE4A /* flat_gkrzs.png */,
				414F656B1F1CC91F0084DE4A /* home_gkrzs.png */,
				414F656C1F1CC91F0084DE4A /* menu_apps_gkrzs.png */,
				414F656D1F1CC91F0084DE4A /* menu_counters_gkrzs.png */,
				414F656E1F1CC91F0084DE4A /* menu_settings_gkrzs.png */,
				414F656F1F1CC91F0084DE4A /* new_face_gkrzs.png */,
				414F65701F1CC91F0084DE4A /* new_face_think_gkrzs.png */,
				414F65711F1CC91F0084DE4A /* new_mail_gkrzs.png */,
				414F65721F1CC91F0084DE4A /* new_number_ls_gkrzs.png */,
				414F65731F1CC91F0084DE4A /* new_phone_gkrzs.png */,
				414F65741F1CC91F0084DE4A /* new_zamok_gkrzs.png */,
				4111589E1F1CE56A002F6074 /* fon_app_gkrzs.jpg */,
				4111589F1F1CE56A002F6074 /* fon_counters_gkrzs.jpg */,
			);
			name = GKRZS;
			sourceTree = "<group>";
		};
		4171BE521ECB369A00B9CDD7 = {
			isa = PBXGroup;
			children = (
				4171BE5D1ECB369A00B9CDD7 /* Sminex */,
				4171BE5C1ECB369A00B9CDD7 /* Products */,
				7B0CDB758529507CA39A7AB3 /* Pods */,
				0721891521207E0883A53CCE /* Frameworks */,
				4171BE6D1ECB369A00B9CDD7 /* Info.plist */,
			);
			sourceTree = "<group>";
		};
		4171BE5C1ECB369A00B9CDD7 /* Products */ = {
			isa = PBXGroup;
			children = (
				4171BE5B1ECB369A00B9CDD7 /* Sminex.app */,
			);
			name = Products;
			sourceTree = "<group>";
		};
		4171BE5D1ECB369A00B9CDD7 /* Sminex */ = {
			isa = PBXGroup;
			children = (
				4171BE771ECB3E1000B9CDD7 /* DB */,
				4171BE761ECB3DFF00B9CDD7 /* Program */,
				6C4C0A1020675B7C004EF2FF /* Storyboards */,
				4171BE681ECB369A00B9CDD7 /* Assets.xcassets */,
				411B6CCF1EE3D0BA001DCBC7 /* GoogleService-Info.plist */,
				411B6CD11EE3FFBD001DCBC7 /* DemoUC.entitlements */,
				4171BE781ECB401200B9CDD7 /* images */,
			);
			path = Sminex;
			sourceTree = "<group>";
		};
		4171BE731ECB389B00B9CDD7 /* Main */ = {
			isa = PBXGroup;
			children = (
				6CA908132063A7D000CB78FE /* Tab Bar */,
				4171BE601ECB369A00B9CDD7 /* ViewController.swift */,
				41D3E6301F1890D40084BB92 /* ViewController_UK.swift */,
				4171BE5E1ECB369A00B9CDD7 /* AppDelegate.swift */,
				4171BE741ECB392B00B9CDD7 /* CoreDataManager.swift */,
				41DBC59B1ECC72FC004BDB9B /* Server.swift */,
				41D3E62E1F188E150084BB92 /* FirstController.swift */,
				4138B7C11F15AAF500DD0B52 /* Choice_UK.swift */,
				4153B9BF1F5A284A00C56045 /* Choice_UK_Street.swift */,
			);
			name = Main;
			sourceTree = "<group>";
		};
		4171BE761ECB3DFF00B9CDD7 /* Program */ = {
			isa = PBXGroup;
			children = (
				4171BE731ECB389B00B9CDD7 /* Main */,
				41EBEC891ED180E4009F6A9D /* Activities */,
				4171BE7F1ECB4FCD00B9CDD7 /* Other */,
			);
			name = Program;
			sourceTree = "<group>";
		};
		4171BE771ECB3E1000B9CDD7 /* DB */ = {
			isa = PBXGroup;
			children = (
				411B6CD21EE6FF22001DCBC7 /* Comments+CoreDataClass.swift */,
				411B6CD31EE6FF22001DCBC7 /* Comments+CoreDataProperties.swift */,
				411B6CD41EE6FF22001DCBC7 /* Houses+CoreDataClass.swift */,
				411B6CD51EE6FF22001DCBC7 /* Houses+CoreDataProperties.swift */,
				411B6CD61EE6FF22001DCBC7 /* Ls+CoreDataClass.swift */,
				411B6CD71EE6FF22001DCBC7 /* Ls+CoreDataProperties.swift */,
				411B6CD81EE6FF22001DCBC7 /* Flats+CoreDataClass.swift */,
				411B6CD91EE6FF22001DCBC7 /* Flats+CoreDataProperties.swift */,
				411B6CDA1EE6FF22001DCBC7 /* Applications+CoreDataClass.swift */,
				411B6CDB1EE6FF22001DCBC7 /* Applications+CoreDataProperties.swift */,
				411B6CDC1EE6FF22001DCBC7 /* Fotos+CoreDataClass.swift */,
				411B6CDD1EE6FF22001DCBC7 /* Fotos+CoreDataProperties.swift */,
				41D9FBD51ED9563A00925972 /* Counters+CoreDataClass.swift */,
				41D9FBD61ED9563A00925972 /* Counters+CoreDataProperties.swift */,
				411B6CC71EE3A7EC001DCBC7 /* Saldo+CoreDataClass.swift */,
				411B6CC81EE3A7EC001DCBC7 /* Saldo+CoreDataProperties.swift */,
				6C5AE241206A074900438B46 /* RequestEntity+CoreDataClass.swift */,
				6C5AE243206A086400438B46 /* RequestEntity+CoreDataProperties.swift */,
				6C7AA966207211E100D27FE2 /* QuestionEntity+CoreDataClass.swift */,
				6C7AA9682072120900D27FE2 /* QuestionEntity+CoreDataProperties.swift */,
				4171BE651ECB369A00B9CDD7 /* DemoUC.xcdatamodeld */,
				41D9FBA51ED92E7600925972 /* DB.swift */,
				6C5E78DE2064EF6F00805EF1 /* TemporaryHolder.swift */,
			);
			name = DB;
			sourceTree = "<group>";
		};
		4171BE781ECB401200B9CDD7 /* images */ = {
			isa = PBXGroup;
			children = (
				41979404203185230034298D /* Sminex */,
				4179A6F01F4D59E000D4F565 /* DJ */,
				413BFBE51F38CA26003F8D44 /* fon_top */,
				414F65681F1CC76A0084DE4A /* GKRZS */,
				41D3E6341F19AA620084BB92 /* home.png */,
				41D2BF531F8CA48E00D915A5 /* circled_chevron_down.png */,
				41D2BF521F8CA48900D915A5 /* circled_chevron_up.png */,
				41D2BF561F8CA4D300D915A5 /* circled_chevron_up.png */,
				41D3E6361F19AA710084BB92 /* flat.png */,
				419CBB111EF03E1A00E07021 /* ic_menu_call.png */,
				419CBB0B1EEF663500E07021 /* ic_ok_app.png */,
				41D04D4E1F2064520083BF19 /* ic_get_app_white.png */,
				410775181F204C1C0064BCDC /* ic_ok_app_white.png */,
				41D04D4C1F2063EB0083BF19 /* ic_comm_action_white.png */,
				41D04D481F2063B80083BF19 /* ic_send_app_white.png */,
				41D04D501F2064610083BF19 /* ic_close_action_white.png */,
				41D04D4A1F2063D90083BF19 /* ic_action_files_white.png */,
				419CBB091EEF661B00E07021 /* ic_send_app.png */,
				419CBB071EEF65C700E07021 /* ic_get_app.png */,
				4136BD781EED06B1000EAE37 /* logo_SM.png */,
				4136BD171EEBAD58000EAE37 /* ic_action_files_grey.png */,
				4136BD151EEBAD30000EAE37 /* ic_close_action.png */,
				4136BD131EEBAC7B000EAE37 /* ic_comm_action.png */,
				411B6CEF1EE71AA1001DCBC7 /* add_app.png */,
				411B6CF51EE7268F001DCBC7 /* fon_app.png */,
				411B6CEA1EE700B1001DCBC7 /* ic_comm_list.png */,
				41D04D521F2066330083BF19 /* ic_comm_list_white.png */,
				4136BD7C1EED334B000EAE37 /* ic_comm_list_grey.png */,
				41D9FBE81EDA9C6C00925972 /* ic_action_rigth.png */,
				41D9FBE61EDA9C0200925972 /* ic_action_left.png */,
				41D9FBDF1EDA810E00925972 /* fon_counters.png */,
				419CBB171EF2068400E07021 /* menu_exit.png */,
				419CBB1B1EF206A600E07021 /* menu_osv.png */,
				419CBB191EF2069700E07021 /* menu_cost.png */,
				41DFA8281ED34E1100F15109 /* menu_counters.png */,
				41DFA8251ED34A4B00F15109 /* menu.png */,
				41DFA81E1ED3454B00F15109 /* menu_apps.png */,
				41DFA8201ED3455800F15109 /* menu_setting.png */,
				41DBC5A11ECC8F94004BDB9B /* new_mail.png */,
				41DBC59F1ECC8F83004BDB9B /* new_phone.png */,
				41DBC59D1ECC8F7A004BDB9B /* new_number_ls.png */,
				4171BE7B1ECB41A200B9CDD7 /* new_face.png */,
				4171BE7D1ECB41D300B9CDD7 /* new_zamok.png */,
			);
			name = images;
			sourceTree = "<group>";
		};
		4171BE7F1ECB4FCD00B9CDD7 /* Other */ = {
			isa = PBXGroup;
			children = (
				419794092032C9380034298D /* Sminex */,
				4136BD721EEBB2B5000EAE37 /* RatingView */,
				41EBEC841ED17B83009F6A9D /* SWRevealViewController */,
				4171BE831ECB504900B9CDD7 /* Registration.swift */,
				41D3E6321F19AA130084BB92 /* RegistrationAdress.swift */,
				411942EC1F4964CE006E2E0F /* RegistrationAdress4.swift */,
				4136BD741EEBD695000EAE37 /* Files.swift */,
				4136BD761EEBDACE000EAE37 /* SelectItemController.swift */,
				419CBB151EF0AE2500E07021 /* ExitViewController.swift */,
				4111CA351EF4FBCB00BBEB7B /* Modal.swift */,
				4111CA371EF4FC1800BBEB7B /* AddCom.swift */,
				6C8A1E022060BBD8009389A5 /* Extensions.swift */,
				6C2387C12062052400F20190 /* Segues.swift */,
				6C7B0B67206BCA0200E974AE /* DigitInput.swift */,
				6C55E4AD207497A0003E432A /* OnOffButton.swift */,
				6C2D3287207F42D000F5F4C8 /* BarcodeGenerator.swift */,
			);
			name = Other;
			sourceTree = "<group>";
		};
		4179A6F01F4D59E000D4F565 /* DJ */ = {
			isa = PBXGroup;
			children = (
				4179A6EE1F4D58DA00D4F565 /* log.png */,
			);
			name = DJ;
			sourceTree = "<group>";
		};
		41979404203185230034298D /* Sminex */ = {
			isa = PBXGroup;
			children = (
				41979405203185460034298D /* start_img.png */,
				41979407203185F30034298D /* sminex_logo.png */,
			);
			name = Sminex;
			sourceTree = "<group>";
		};
		419794092032C9380034298D /* Sminex */ = {
			isa = PBXGroup;
			children = (
				41CDF01320350B8E00A680AF /* Other */,
				4197940A2032C9520034298D /* Registration_Sminex.swift */,
				41B267F7203311A0000AEEB1 /* Registration_Sminex_SMS.swift */,
				6C6A36D3206102D00073FC2A /* RegistrationSminexEnterPassword.swift */,
			);
			name = Sminex;
			sourceTree = "<group>";
		};
		41CDF01320350B8E00A680AF /* Other */ = {
			isa = PBXGroup;
			children = (
				41CDF01420350BB300A680AF /* TransitionManager.swift */,
			);
			name = Other;
			sourceTree = "<group>";
		};
		41D9FBE11EDA88CD00925972 /* Counters */ = {
			isa = PBXGroup;
			children = (
			);
			name = Counters;
			sourceTree = "<group>";
		};
		41DFA8271ED34B7700F15109 /* User */ = {
			isa = PBXGroup;
			children = (
				411B6CEC1EE70242001DCBC7 /* Apps */,
				41D9FBE11EDA88CD00925972 /* Counters */,
				411B6CC61EE3A6E5001DCBC7 /* OSV */,
				41DFA8361ED3502400F15109 /* PayUser.swift */,
				41DFA8381ED3504400F15109 /* SettingsUser.swift */,
				41CD68651F2ED8F9002CB7AF /* MenuUser.swift */,
			);
			name = User;
			sourceTree = "<group>";
		};
		41E229951EEE558D00306120 /* Apps */ = {
			isa = PBXGroup;
			children = (
				41DFA81C1ED3414800F15109 /* AppsCons.swift */,
				41E229981EEE5EC000306120 /* AddAppCons.swift */,
				41E2299A1EEE67A900306120 /* ChoiceLS.swift */,
				419CBB051EEF631700E07021 /* AppCons.swift */,
				6C6A36D52061217F0073FC2A /* AppsConsCell.swift */,
			);
			name = Apps;
			sourceTree = "<group>";
		};
		41EBEC841ED17B83009F6A9D /* SWRevealViewController */ = {
			isa = PBXGroup;
			children = (
				41EBEC861ED17BDF009F6A9D /* SWRevealViewController.h */,
				41EBEC871ED17BDF009F6A9D /* SWRevealViewController.m */,
				41EBEC851ED17BDF009F6A9D /* DemoUC-Bridging-Header.h */,
			);
			name = SWRevealViewController;
			sourceTree = "<group>";
		};
		41EBEC891ED180E4009F6A9D /* Activities */ = {
			isa = PBXGroup;
			children = (
				41DFA8271ED34B7700F15109 /* User */,
				41EBEC8C1ED182DF009F6A9D /* Consultant */,
			);
			name = Activities;
			sourceTree = "<group>";
		};
		41EBEC8C1ED182DF009F6A9D /* Consultant */ = {
			isa = PBXGroup;
			children = (
				41E229951EEE558D00306120 /* Apps */,
				41DFA8231ED3475700F15109 /* SettingsCons.swift */,
			);
			name = Consultant;
			sourceTree = "<group>";
		};
		6C170AC9207CCFF300C84BE6 /* Deals */ = {
			isa = PBXGroup;
			children = (
				6C170ACB207CD00E00C84BE6 /* DealsListVC.swift */,
				6C170ACD207CDDB400C84BE6 /* DealsListDescVC.swift */,
			);
			path = Deals;
			sourceTree = "<group>";
		};
		6C425615206B71BE007E1BF6 /* Requests */ = {
			isa = PBXGroup;
			children = (
				41DFA8301ED34FBA00F15109 /* AppsUser.swift */,
				6C5E78DC2064DF7200805EF1 /* RequestTypeVC.swift */,
				6CD3AD9420661413001589B7 /* CreateRequestVC.swift */,
				6CD3AD98206624A7001589B7 /* CreateTechServiceVC.swift */,
				6CD3AD96206622AE001589B7 /* TechServiceVC.swift */,
				6C5E78E3206505A900805EF1 /* AdmissionVC.swift */,
			);
			path = Requests;
			sourceTree = "<group>";
		};
		6C4C0A1020675B7C004EF2FF /* Storyboards */ = {
			isa = PBXGroup;
			children = (
				6C62C270207F317400B5EA11 /* Finance.storyboard */,
				6C170AC7207CCF0200C84BE6 /* Deals.storyboard */,
				6C7F90E5207633EB00CFA721 /* Account.storyboard */,
				6C54077F206E7C600050A0D0 /* Questions.storyboard */,
				6C42560F206B6EF0007E1BF6 /* Counter.storyboard */,
				4171BE621ECB369A00B9CDD7 /* Main.storyboard */,
				6C4C0A0C20675A83004EF2FF /* Requests.storyboard */,
				6C4C0A0E20675B2B004EF2FF /* Auth.storyboard */,
				4171BE6A1ECB369A00B9CDD7 /* LaunchScreen.storyboard */,
			);
			name = Storyboards;
			sourceTree = "<group>";
		};
		6C5E78E02065054B00805EF1 /* MainScreen */ = {
			isa = PBXGroup;
			children = (
				6C62C272207F32C600B5EA11 /* Finance */,
				6C170AC9207CCFF300C84BE6 /* Deals */,
				6CA10FA1206B964A00612D03 /* Counters */,
				6C425615206B71BE007E1BF6 /* Requests */,
				6C938C6F206F4B4900E34EA1 /* Questions */,
				6CA908142063A7EB00CB78FE /* MainScreenVC.swift */,
			);
			path = MainScreen;
			sourceTree = "<group>";
		};
		6C62C272207F32C600B5EA11 /* Finance */ = {
			isa = PBXGroup;
			children = (
				6C62C273207F32D800B5EA11 /* FinanceVC.swift */,
				6C439D902084BE7F0036FE74 /* FinancePayVC.swift */,
				6CFB5C67208345CB0028D331 /* FinanceDebtArchiveVC.swift */,
				6CFB5C6B2083ADC40028D331 /* FinanceCalcsArchiveVC.swift */,
				6CFB5C6D2083AFF40028D331 /* FinanceCalcVC.swift */,
				6C737FEE2080A2ED00AC0250 /* FinanceDebtVC.swift */,
				6C2D3289207F834900F5F4C8 /* FinanceBarCodeVC.swift */,
			);
			path = Finance;
			sourceTree = "<group>";
		};
		6C7F90E720772DBC00CFA721 /* Account */ = {
			isa = PBXGroup;
			children = (
				6C7F90E820772DDA00CFA721 /* AccountSettingsVC.swift */,
				6C7F90EA2077365000CFA721 /* AccountChangePasswordVC.swift */,
				6C6A6087207BBD47001DC95A /* AccountNotifications.swift */,
			);
			path = Account;
			sourceTree = "<group>";
		};
		6C938C6F206F4B4900E34EA1 /* Questions */ = {
			isa = PBXGroup;
			children = (
				6C938C74206F4B9B00E34EA1 /* QuestionsTableVC.swift */,
				6C938C78206F56F300E34EA1 /* QuestionAnswerVC.swift */,
				6C7AA96220720EB400D27FE2 /* QuestionFinalVC.swift */,
				6C938C76206F4E9200E34EA1 /* QuestionsJson.swift */,
			);
			path = Questions;
			sourceTree = "<group>";
		};
		6CA10FA1206B964A00612D03 /* Counters */ = {
			isa = PBXGroup;
			children = (
				6C425613206B71AF007E1BF6 /* CounterTableVC.swift */,
				6CA10F9F206B964400612D03 /* CounterStatementVC.swift */,
				6C8C69CA206CA0D00090A49D /* CounterHistoryTableVC.swift */,
				6C8C69C8206CA03C0090A49D /* CounterHistoryVC.swift */,
			);
			path = Counters;
			sourceTree = "<group>";
		};
		6CA908132063A7D000CB78FE /* Tab Bar */ = {
			isa = PBXGroup;
			children = (
				6C7F90E720772DBC00CFA721 /* Account */,
				6C5E78E02065054B00805EF1 /* MainScreen */,
			);
			path = "Tab Bar";
			sourceTree = "<group>";
		};
		7B0CDB758529507CA39A7AB3 /* Pods */ = {
			isa = PBXGroup;
			children = (
				91A02736ADFEA29A50626132 /* Pods-Sminex.debug.xcconfig */,
				CE321028C763199FEA05A93B /* Pods-Sminex.release.xcconfig */,
			);
			name = Pods;
			sourceTree = "<group>";
		};
/* End PBXGroup section */

/* Begin PBXNativeTarget section */
		4171BE5A1ECB369A00B9CDD7 /* Sminex */ = {
			isa = PBXNativeTarget;
			buildConfigurationList = 4171BE701ECB369A00B9CDD7 /* Build configuration list for PBXNativeTarget "Sminex" */;
			buildPhases = (
				2E99F1AA002AAB1B4D3F8683 /* [CP] Check Pods Manifest.lock */,
				4171BE571ECB369A00B9CDD7 /* Sources */,
				4171BE581ECB369A00B9CDD7 /* Frameworks */,
				4171BE591ECB369A00B9CDD7 /* Resources */,
				8157CDB438B62F3F0A57F740 /* [CP] Embed Pods Frameworks */,
				5AC5004FAAD21A29ED9433A5 /* [CP] Copy Pods Resources */,
			);
			buildRules = (
			);
			dependencies = (
			);
			name = Sminex;
			productName = DemoUC;
			productReference = 4171BE5B1ECB369A00B9CDD7 /* Sminex.app */;
			productType = "com.apple.product-type.application";
		};
/* End PBXNativeTarget section */

/* Begin PBXProject section */
		4171BE531ECB369A00B9CDD7 /* Project object */ = {
			isa = PBXProject;
			attributes = {
				LastSwiftUpdateCheck = 0830;
				LastUpgradeCheck = 0930;
				ORGANIZATIONNAME = "The Best";
				TargetAttributes = {
					4171BE5A1ECB369A00B9CDD7 = {
						CreatedOnToolsVersion = 8.3.2;
						DevelopmentTeam = R84LGLRB92;
						LastSwiftMigration = 0920;
						ProvisioningStyle = Automatic;
						SystemCapabilities = {
							com.apple.Push = {
								enabled = 1;
							};
						};
					};
				};
			};
			buildConfigurationList = 4171BE561ECB369A00B9CDD7 /* Build configuration list for PBXProject "Sminex" */;
			compatibilityVersion = "Xcode 3.2";
			developmentRegion = English;
			hasScannedForEncodings = 0;
			knownRegions = (
				en,
				Base,
			);
			mainGroup = 4171BE521ECB369A00B9CDD7;
			productRefGroup = 4171BE5C1ECB369A00B9CDD7 /* Products */;
			projectDirPath = "";
			projectRoot = "";
			targets = (
				4171BE5A1ECB369A00B9CDD7 /* Sminex */,
			);
		};
/* End PBXProject section */

/* Begin PBXResourcesBuildPhase section */
		4171BE591ECB369A00B9CDD7 /* Resources */ = {
			isa = PBXResourcesBuildPhase;
			buildActionMask = 2147483647;
			files = (
				4136BD791EED06B1000EAE37 /* logo_SM.png in Resources */,
				4136BD141EEBAC7B000EAE37 /* ic_comm_action.png in Resources */,
				41D3E6351F19AA620084BB92 /* home.png in Resources */,
				419CBB0A1EEF661B00E07021 /* ic_send_app.png in Resources */,
				41979406203185460034298D /* start_img.png in Resources */,
				411B6CF61EE7268F001DCBC7 /* fon_app.png in Resources */,
				4171BE7C1ECB41A200B9CDD7 /* new_face.png in Resources */,
				414F65651F1CAE910084DE4A /* Assets.xcassets in Resources */,
				419CBB121EF03E1A00E07021 /* ic_menu_call.png in Resources */,
				6C425610206B6EF0007E1BF6 /* Counter.storyboard in Resources */,
				41D9FBE91EDA9C6C00925972 /* ic_action_rigth.png in Resources */,
				419CBB081EEF65C700E07021 /* ic_get_app.png in Resources */,
				6C170AC8207CCF0200C84BE6 /* Deals.storyboard in Resources */,
				6C7F90E6207633EB00CFA721 /* Account.storyboard in Resources */,
				41DBC59E1ECC8F7A004BDB9B /* new_number_ls.png in Resources */,
				4136BD7D1EED334B000EAE37 /* ic_comm_list_grey.png in Resources */,
				6C4C0A0D20675A83004EF2FF /* Requests.storyboard in Resources */,
				4171BE6C1ECB369A00B9CDD7 /* LaunchScreen.storyboard in Resources */,
				419CBB1C1EF206A600E07021 /* menu_osv.png in Resources */,
				41DBC5A21ECC8F94004BDB9B /* new_mail.png in Resources */,
				419CBB1A1EF2069700E07021 /* menu_cost.png in Resources */,
				41D2BF5B1F8CA76500D915A5 /* circled_chevron_down.png in Resources */,
				419CBB181EF2068400E07021 /* menu_exit.png in Resources */,
				4136BD161EEBAD30000EAE37 /* ic_close_action.png in Resources */,
				41DFA81F1ED3454B00F15109 /* menu_apps.png in Resources */,
				41D3E6371F19AA710084BB92 /* flat.png in Resources */,
				41DFA8211ED3455800F15109 /* menu_setting.png in Resources */,
				41D9FBE01EDA810E00925972 /* fon_counters.png in Resources */,
				41DBC5A01ECC8F83004BDB9B /* new_phone.png in Resources */,
				411B6CEB1EE700B1001DCBC7 /* ic_comm_list.png in Resources */,
				4136BD181EEBAD58000EAE37 /* ic_action_files_grey.png in Resources */,
				419CBB0C1EEF663500E07021 /* ic_ok_app.png in Resources */,
				411B6CF01EE71AA1001DCBC7 /* add_app.png in Resources */,
				41D2BF541F8CA4D000D915A5 /* circled_chevron_up.png in Resources */,
				6C540780206E7C600050A0D0 /* Questions.storyboard in Resources */,
				6C62C271207F317400B5EA11 /* Finance.storyboard in Resources */,
				41979408203185F40034298D /* sminex_logo.png in Resources */,
				6C4C0A0F20675B2B004EF2FF /* Auth.storyboard in Resources */,
				41DFA8291ED34E1100F15109 /* menu_counters.png in Resources */,
				6C62C26F207E6E9C00B5EA11 /* Info.plist in Resources */,
				41DFA8261ED34A4B00F15109 /* menu.png in Resources */,
				41D9FBE71EDA9C0200925972 /* ic_action_left.png in Resources */,
				4171BE641ECB369A00B9CDD7 /* Main.storyboard in Resources */,
				411B6CD01EE3D0BA001DCBC7 /* GoogleService-Info.plist in Resources */,
				4171BE7A1ECB402F00B9CDD7 /* fon_top.png in Resources */,
				4171BE7E1ECB41D300B9CDD7 /* new_zamok.png in Resources */,
			);
			runOnlyForDeploymentPostprocessing = 0;
		};
/* End PBXResourcesBuildPhase section */

/* Begin PBXShellScriptBuildPhase section */
		2E99F1AA002AAB1B4D3F8683 /* [CP] Check Pods Manifest.lock */ = {
			isa = PBXShellScriptBuildPhase;
			buildActionMask = 2147483647;
			files = (
			);
			inputPaths = (
				"${PODS_PODFILE_DIR_PATH}/Podfile.lock",
				"${PODS_ROOT}/Manifest.lock",
			);
			name = "[CP] Check Pods Manifest.lock";
			outputPaths = (
				"$(DERIVED_FILE_DIR)/Pods-Sminex-checkManifestLockResult.txt",
			);
			runOnlyForDeploymentPostprocessing = 0;
			shellPath = /bin/sh;
			shellScript = "diff \"${PODS_PODFILE_DIR_PATH}/Podfile.lock\" \"${PODS_ROOT}/Manifest.lock\" > /dev/null\nif [ $? != 0 ] ; then\n    # print error to STDERR\n    echo \"error: The sandbox is not in sync with the Podfile.lock. Run 'pod install' or update your CocoaPods installation.\" >&2\n    exit 1\nfi\n# This output is used by Xcode 'outputs' to avoid re-running this script phase.\necho \"SUCCESS\" > \"${SCRIPT_OUTPUT_FILE_0}\"\n";
			showEnvVarsInLog = 0;
		};
		5AC5004FAAD21A29ED9433A5 /* [CP] Copy Pods Resources */ = {
			isa = PBXShellScriptBuildPhase;
			buildActionMask = 2147483647;
			files = (
			);
			inputPaths = (
			);
			name = "[CP] Copy Pods Resources";
			outputPaths = (
			);
			runOnlyForDeploymentPostprocessing = 0;
			shellPath = /bin/sh;
			shellScript = "\"${SRCROOT}/Pods/Target Support Files/Pods-Sminex/Pods-Sminex-resources.sh\"\n";
			showEnvVarsInLog = 0;
		};
		8157CDB438B62F3F0A57F740 /* [CP] Embed Pods Frameworks */ = {
			isa = PBXShellScriptBuildPhase;
			buildActionMask = 2147483647;
			files = (
			);
			inputPaths = (
				"${SRCROOT}/Pods/Target Support Files/Pods-Sminex/Pods-Sminex-frameworks.sh",
				"${BUILT_PRODUCTS_DIR}/Alamofire/Alamofire.framework",
				"${BUILT_PRODUCTS_DIR}/Arcane/Arcane.framework",
				"${BUILT_PRODUCTS_DIR}/DeviceKit/DeviceKit.framework",
				"${BUILT_PRODUCTS_DIR}/ExpyTableView/ExpyTableView.framework",
				"${BUILT_PRODUCTS_DIR}/Gloss/Gloss.framework",
				"${BUILT_PRODUCTS_DIR}/GoogleToolboxForMac/GoogleToolboxForMac.framework",
				"${BUILT_PRODUCTS_DIR}/Protobuf/Protobuf.framework",
				"${BUILT_PRODUCTS_DIR}/SwiftyXMLParser/SwiftyXMLParser.framework",
				"${BUILT_PRODUCTS_DIR}/nanopb/nanopb.framework",
			);
			name = "[CP] Embed Pods Frameworks";
			outputPaths = (
				"${TARGET_BUILD_DIR}/${FRAMEWORKS_FOLDER_PATH}/Alamofire.framework",
				"${TARGET_BUILD_DIR}/${FRAMEWORKS_FOLDER_PATH}/Arcane.framework",
				"${TARGET_BUILD_DIR}/${FRAMEWORKS_FOLDER_PATH}/DeviceKit.framework",
				"${TARGET_BUILD_DIR}/${FRAMEWORKS_FOLDER_PATH}/ExpyTableView.framework",
				"${TARGET_BUILD_DIR}/${FRAMEWORKS_FOLDER_PATH}/Gloss.framework",
				"${TARGET_BUILD_DIR}/${FRAMEWORKS_FOLDER_PATH}/GoogleToolboxForMac.framework",
				"${TARGET_BUILD_DIR}/${FRAMEWORKS_FOLDER_PATH}/Protobuf.framework",
				"${TARGET_BUILD_DIR}/${FRAMEWORKS_FOLDER_PATH}/SwiftyXMLParser.framework",
				"${TARGET_BUILD_DIR}/${FRAMEWORKS_FOLDER_PATH}/nanopb.framework",
			);
			runOnlyForDeploymentPostprocessing = 0;
			shellPath = /bin/sh;
			shellScript = "\"${SRCROOT}/Pods/Target Support Files/Pods-Sminex/Pods-Sminex-frameworks.sh\"\n";
			showEnvVarsInLog = 0;
		};
/* End PBXShellScriptBuildPhase section */

/* Begin PBXSourcesBuildPhase section */
		4171BE571ECB369A00B9CDD7 /* Sources */ = {
			isa = PBXSourcesBuildPhase;
			buildActionMask = 2147483647;
			files = (
				6C7F90EB2077365000CFA721 /* AccountChangePasswordVC.swift in Sources */,
				41DFA8311ED34FBA00F15109 /* AppsUser.swift in Sources */,
				411B6CF41EE722C4001DCBC7 /* AppUser.swift in Sources */,
				411B6CDE1EE6FF22001DCBC7 /* Comments+CoreDataClass.swift in Sources */,
				41DBC59C1ECC72FC004BDB9B /* Server.swift in Sources */,
				4136BD751EEBD695000EAE37 /* Files.swift in Sources */,
				6CA10FA0206B964400612D03 /* CounterStatementVC.swift in Sources */,
				6C8C69CB206CA0D00090A49D /* CounterHistoryTableVC.swift in Sources */,
				6C6A36D62061217F0073FC2A /* AppsConsCell.swift in Sources */,
				4138B7C21F15AAF500DD0B52 /* Choice_UK.swift in Sources */,
				6C2387C22062052400F20190 /* Segues.swift in Sources */,
				411942ED1F4964CE006E2E0F /* RegistrationAdress4.swift in Sources */,
				6CFB5C68208345CB0028D331 /* FinanceDebtArchiveVC.swift in Sources */,
				6C6A6088207BBD47001DC95A /* AccountNotifications.swift in Sources */,
				411B6CE91EE6FF22001DCBC7 /* Fotos+CoreDataProperties.swift in Sources */,
				6C5E78DD2064DF7200805EF1 /* RequestTypeVC.swift in Sources */,
				6C7AA96320720EB400D27FE2 /* QuestionFinalVC.swift in Sources */,
				4197940B2032C9520034298D /* Registration_Sminex.swift in Sources */,
				4171BE611ECB369A00B9CDD7 /* ViewController.swift in Sources */,
				6C55E4AE207497A0003E432A /* OnOffButton.swift in Sources */,
				41B267F8203311A0000AEEB1 /* Registration_Sminex_SMS.swift in Sources */,
				4136BD7B1EED0F1F000EAE37 /* CloseAppAlert.swift in Sources */,
				6C425614206B71AF007E1BF6 /* CounterTableVC.swift in Sources */,
				41D3E62F1F188E150084BB92 /* FirstController.swift in Sources */,
				4171BE5F1ECB369A00B9CDD7 /* AppDelegate.swift in Sources */,
				41CDF01520350BB300A680AF /* TransitionManager.swift in Sources */,
				6CA908152063A7EB00CB78FE /* MainScreenVC.swift in Sources */,
				41DFA8391ED3504400F15109 /* SettingsUser.swift in Sources */,
				6C5E78E4206505A900805EF1 /* AdmissionVC.swift in Sources */,
				6C2D3288207F42D000F5F4C8 /* BarcodeGenerator.swift in Sources */,
				6C62C274207F32D800B5EA11 /* FinanceVC.swift in Sources */,
				4111CA361EF4FBCB00BBEB7B /* Modal.swift in Sources */,
				6C170ACC207CD00E00C84BE6 /* DealsListVC.swift in Sources */,
				6C938C75206F4B9B00E34EA1 /* QuestionsTableVC.swift in Sources */,
				41DFA8241ED3475700F15109 /* SettingsCons.swift in Sources */,
				6CFB5C6C2083ADC40028D331 /* FinanceCalcsArchiveVC.swift in Sources */,
				411B6CDF1EE6FF22001DCBC7 /* Comments+CoreDataProperties.swift in Sources */,
				6CD3AD97206622AE001589B7 /* TechServiceVC.swift in Sources */,
				6CD3AD9520661413001589B7 /* CreateRequestVC.swift in Sources */,
				41EBEC881ED17BDF009F6A9D /* SWRevealViewController.m in Sources */,
				41DFA8351ED3500400F15109 /* OSV_User.swift in Sources */,
				419CBB161EF0AE2500E07021 /* ExitViewController.swift in Sources */,
				4171BE751ECB392B00B9CDD7 /* CoreDataManager.swift in Sources */,
				41D3E6311F1890D40084BB92 /* ViewController_UK.swift in Sources */,
				411B6CE11EE6FF22001DCBC7 /* Houses+CoreDataProperties.swift in Sources */,
				41E2299B1EEE67A900306120 /* ChoiceLS.swift in Sources */,
				41E229991EEE5EC000306120 /* AddAppCons.swift in Sources */,
				4111CA381EF4FC1800BBEB7B /* AddCom.swift in Sources */,
				411B6CE51EE6FF22001DCBC7 /* Flats+CoreDataProperties.swift in Sources */,
				6C5E78DF2064EF6F00805EF1 /* TemporaryHolder.swift in Sources */,
				6C737FEF2080A2ED00AC0250 /* FinanceDebtVC.swift in Sources */,
				41D9FBD71ED9563A00925972 /* Counters+CoreDataClass.swift in Sources */,
				6C6A36D4206102D00073FC2A /* RegistrationSminexEnterPassword.swift in Sources */,
				6C7F90E920772DDA00CFA721 /* AccountSettingsVC.swift in Sources */,
				6C2D328A207F834900F5F4C8 /* FinanceBarCodeVC.swift in Sources */,
				41D9FBA61ED92E7600925972 /* DB.swift in Sources */,
				41D9FBD81ED9563A00925972 /* Counters+CoreDataProperties.swift in Sources */,
				6C7AA9692072120900D27FE2 /* QuestionEntity+CoreDataProperties.swift in Sources */,
				41D3E6331F19AA130084BB92 /* RegistrationAdress.swift in Sources */,
				411B6CE31EE6FF22001DCBC7 /* Ls+CoreDataProperties.swift in Sources */,
				411B6CE81EE6FF22001DCBC7 /* Fotos+CoreDataClass.swift in Sources */,
				6C170ACE207CDDB400C84BE6 /* DealsListDescVC.swift in Sources */,
				6C5AE242206A074900438B46 /* RequestEntity+CoreDataClass.swift in Sources */,
				41D9FBD91ED965AA00925972 /* DemoUC.xcdatamodeld in Sources */,
				6C8C69C9206CA03C0090A49D /* CounterHistoryVC.swift in Sources */,
				6CFB5C6E2083AFF40028D331 /* FinanceCalcVC.swift in Sources */,
				6C7B0B68206BCA0200E974AE /* DigitInput.swift in Sources */,
				6C938C79206F56F300E34EA1 /* QuestionAnswerVC.swift in Sources */,
				411B6CCA1EE3A7EC001DCBC7 /* Saldo+CoreDataProperties.swift in Sources */,
				411B6CE21EE6FF22001DCBC7 /* Ls+CoreDataClass.swift in Sources */,
				41DFA8371ED3502400F15109 /* PayUser.swift in Sources */,
				6C7AA967207211E100D27FE2 /* QuestionEntity+CoreDataClass.swift in Sources */,
				41CD68661F2ED8F9002CB7AF /* MenuUser.swift in Sources */,
				4136BD711EEBB2A8000EAE37 /* FloatRatingView.swift in Sources */,
				41DFA81D1ED3414800F15109 /* AppsCons.swift in Sources */,
				411B6CF21EE71C6A001DCBC7 /* AddAppUser.swift in Sources */,
				411B6CE01EE6FF22001DCBC7 /* Houses+CoreDataClass.swift in Sources */,
				4171BE841ECB504900B9CDD7 /* Registration.swift in Sources */,
				6C439D912084BE7F0036FE74 /* FinancePayVC.swift in Sources */,
				6CD3AD99206624A7001589B7 /* CreateTechServiceVC.swift in Sources */,
				4136BD771EEBDACE000EAE37 /* SelectItemController.swift in Sources */,
				411B6CC91EE3A7EC001DCBC7 /* Saldo+CoreDataClass.swift in Sources */,
				411B6CE71EE6FF22001DCBC7 /* Applications+CoreDataProperties.swift in Sources */,
				6C5AE244206A086400438B46 /* RequestEntity+CoreDataProperties.swift in Sources */,
				411B6CE41EE6FF22001DCBC7 /* Flats+CoreDataClass.swift in Sources */,
				6C938C77206F4E9200E34EA1 /* QuestionsJson.swift in Sources */,
				411B6CE61EE6FF22001DCBC7 /* Applications+CoreDataClass.swift in Sources */,
				6C8A1E032060BBD8009389A5 /* Extensions.swift in Sources */,
				419CBB061EEF631700E07021 /* AppCons.swift in Sources */,
				4153B9C01F5A284A00C56045 /* Choice_UK_Street.swift in Sources */,
			);
			runOnlyForDeploymentPostprocessing = 0;
		};
/* End PBXSourcesBuildPhase section */

/* Begin PBXVariantGroup section */
		4171BE621ECB369A00B9CDD7 /* Main.storyboard */ = {
			isa = PBXVariantGroup;
			children = (
				4171BE631ECB369A00B9CDD7 /* Base */,
			);
			name = Main.storyboard;
			sourceTree = "<group>";
		};
		4171BE6A1ECB369A00B9CDD7 /* LaunchScreen.storyboard */ = {
			isa = PBXVariantGroup;
			children = (
				4171BE6B1ECB369A00B9CDD7 /* Base */,
			);
			name = LaunchScreen.storyboard;
			sourceTree = "<group>";
		};
/* End PBXVariantGroup section */

/* Begin XCBuildConfiguration section */
		4171BE6E1ECB369A00B9CDD7 /* Debug */ = {
			isa = XCBuildConfiguration;
			buildSettings = {
				ALWAYS_SEARCH_USER_PATHS = NO;
				CLANG_ANALYZER_NONNULL = YES;
				CLANG_ANALYZER_NUMBER_OBJECT_CONVERSION = YES_AGGRESSIVE;
				CLANG_CXX_LANGUAGE_STANDARD = "gnu++0x";
				CLANG_CXX_LIBRARY = "libc++";
				CLANG_ENABLE_MODULES = YES;
				CLANG_ENABLE_OBJC_ARC = YES;
				CLANG_WARN_BLOCK_CAPTURE_AUTORELEASING = YES;
				CLANG_WARN_BOOL_CONVERSION = YES;
				CLANG_WARN_COMMA = YES;
				CLANG_WARN_CONSTANT_CONVERSION = YES;
				CLANG_WARN_DEPRECATED_OBJC_IMPLEMENTATIONS = YES;
				CLANG_WARN_DIRECT_OBJC_ISA_USAGE = YES_ERROR;
				CLANG_WARN_DOCUMENTATION_COMMENTS = YES;
				CLANG_WARN_EMPTY_BODY = YES;
				CLANG_WARN_ENUM_CONVERSION = YES;
				CLANG_WARN_INFINITE_RECURSION = YES;
				CLANG_WARN_INT_CONVERSION = YES;
				CLANG_WARN_NON_LITERAL_NULL_CONVERSION = YES;
				CLANG_WARN_OBJC_IMPLICIT_RETAIN_SELF = YES;
				CLANG_WARN_OBJC_LITERAL_CONVERSION = YES;
				CLANG_WARN_OBJC_ROOT_CLASS = YES_ERROR;
				CLANG_WARN_RANGE_LOOP_ANALYSIS = YES;
				CLANG_WARN_STRICT_PROTOTYPES = YES;
				CLANG_WARN_SUSPICIOUS_MOVE = YES;
				CLANG_WARN_UNREACHABLE_CODE = YES;
				CLANG_WARN__DUPLICATE_METHOD_MATCH = YES;
				"CODE_SIGN_IDENTITY[sdk=iphoneos*]" = "iPhone Developer";
				COPY_PHASE_STRIP = NO;
				DEBUG_INFORMATION_FORMAT = dwarf;
				ENABLE_STRICT_OBJC_MSGSEND = YES;
				ENABLE_TESTABILITY = YES;
				GCC_C_LANGUAGE_STANDARD = gnu99;
				GCC_DYNAMIC_NO_PIC = NO;
				GCC_NO_COMMON_BLOCKS = YES;
				GCC_OPTIMIZATION_LEVEL = 0;
				GCC_PREPROCESSOR_DEFINITIONS = (
					"DEBUG=1",
					"$(inherited)",
				);
				GCC_WARN_64_TO_32_BIT_CONVERSION = YES;
				GCC_WARN_ABOUT_RETURN_TYPE = YES_ERROR;
				GCC_WARN_UNDECLARED_SELECTOR = YES;
				GCC_WARN_UNINITIALIZED_AUTOS = YES_AGGRESSIVE;
				GCC_WARN_UNUSED_FUNCTION = YES;
				GCC_WARN_UNUSED_VARIABLE = YES;
				IPHONEOS_DEPLOYMENT_TARGET = 10.3;
				MTL_ENABLE_DEBUG_INFO = YES;
				ONLY_ACTIVE_ARCH = YES;
				SDKROOT = iphoneos;
				SWIFT_ACTIVE_COMPILATION_CONDITIONS = DEBUG;
				SWIFT_OPTIMIZATION_LEVEL = "-Onone";
				TARGETED_DEVICE_FAMILY = "1,2";
			};
			name = Debug;
		};
		4171BE6F1ECB369A00B9CDD7 /* Release */ = {
			isa = XCBuildConfiguration;
			buildSettings = {
				ALWAYS_SEARCH_USER_PATHS = NO;
				CLANG_ANALYZER_NONNULL = YES;
				CLANG_ANALYZER_NUMBER_OBJECT_CONVERSION = YES_AGGRESSIVE;
				CLANG_CXX_LANGUAGE_STANDARD = "gnu++0x";
				CLANG_CXX_LIBRARY = "libc++";
				CLANG_ENABLE_MODULES = YES;
				CLANG_ENABLE_OBJC_ARC = YES;
				CLANG_WARN_BLOCK_CAPTURE_AUTORELEASING = YES;
				CLANG_WARN_BOOL_CONVERSION = YES;
				CLANG_WARN_COMMA = YES;
				CLANG_WARN_CONSTANT_CONVERSION = YES;
				CLANG_WARN_DEPRECATED_OBJC_IMPLEMENTATIONS = YES;
				CLANG_WARN_DIRECT_OBJC_ISA_USAGE = YES_ERROR;
				CLANG_WARN_DOCUMENTATION_COMMENTS = YES;
				CLANG_WARN_EMPTY_BODY = YES;
				CLANG_WARN_ENUM_CONVERSION = YES;
				CLANG_WARN_INFINITE_RECURSION = YES;
				CLANG_WARN_INT_CONVERSION = YES;
				CLANG_WARN_NON_LITERAL_NULL_CONVERSION = YES;
				CLANG_WARN_OBJC_IMPLICIT_RETAIN_SELF = YES;
				CLANG_WARN_OBJC_LITERAL_CONVERSION = YES;
				CLANG_WARN_OBJC_ROOT_CLASS = YES_ERROR;
				CLANG_WARN_RANGE_LOOP_ANALYSIS = YES;
				CLANG_WARN_STRICT_PROTOTYPES = YES;
				CLANG_WARN_SUSPICIOUS_MOVE = YES;
				CLANG_WARN_UNREACHABLE_CODE = YES;
				CLANG_WARN__DUPLICATE_METHOD_MATCH = YES;
				"CODE_SIGN_IDENTITY[sdk=iphoneos*]" = "iPhone Developer";
				COPY_PHASE_STRIP = NO;
				DEBUG_INFORMATION_FORMAT = "dwarf-with-dsym";
				ENABLE_NS_ASSERTIONS = NO;
				ENABLE_STRICT_OBJC_MSGSEND = YES;
				GCC_C_LANGUAGE_STANDARD = gnu99;
				GCC_NO_COMMON_BLOCKS = YES;
				GCC_WARN_64_TO_32_BIT_CONVERSION = YES;
				GCC_WARN_ABOUT_RETURN_TYPE = YES_ERROR;
				GCC_WARN_UNDECLARED_SELECTOR = YES;
				GCC_WARN_UNINITIALIZED_AUTOS = YES_AGGRESSIVE;
				GCC_WARN_UNUSED_FUNCTION = YES;
				GCC_WARN_UNUSED_VARIABLE = YES;
				IPHONEOS_DEPLOYMENT_TARGET = 10.3;
				MTL_ENABLE_DEBUG_INFO = NO;
				SDKROOT = iphoneos;
				SWIFT_OPTIMIZATION_LEVEL = "-Owholemodule";
				TARGETED_DEVICE_FAMILY = "1,2";
				VALIDATE_PRODUCT = YES;
			};
			name = Release;
		};
		4171BE711ECB369A00B9CDD7 /* Debug */ = {
			isa = XCBuildConfiguration;
			baseConfigurationReference = 91A02736ADFEA29A50626132 /* Pods-Sminex.debug.xcconfig */;
			buildSettings = {
				ASSETCATALOG_COMPILER_APPICON_NAME = AppIcon;
				CLANG_ENABLE_MODULES = YES;
				CODE_SIGN_ENTITLEMENTS = Sminex/DemoUC.entitlements;
				DEVELOPMENT_TEAM = R84LGLRB92;
				GCC_PREPROCESSOR_DEFINITIONS = (
					"$(inherited)",
					"COCOAPODS=1",
					"$(inherited)",
					"GPB_USE_PROTOBUF_FRAMEWORK_IMPORTS=1",
					"$(inherited)",
					"isGKRZS=0",
					"$(inherited)",
					"isDecember=0",
					"$(inherited)",
					"isTeplo=0",
					"$(inherited)",
					"isDemo=1",
				);
				INFOPLIST_FILE = "$(SRCROOT)/Sminex/Info.plist";
				IPHONEOS_DEPLOYMENT_TARGET = 9.1;
				LD_RUNPATH_SEARCH_PATHS = "$(inherited) @executable_path/Frameworks";
				OTHER_SWIFT_FLAGS = "$(inherited)";
				PRODUCT_BUNDLE_IDENTIFIER = com.sminex.sminex;
				PRODUCT_NAME = "$(TARGET_NAME)";
				SWIFT_OBJC_BRIDGING_HEADER = "Sminex/DemoUC-Bridging-Header.h";
				SWIFT_OPTIMIZATION_LEVEL = "-Onone";
				SWIFT_SWIFT3_OBJC_INFERENCE = On;
				SWIFT_VERSION = 4.0;
				TARGETED_DEVICE_FAMILY = 1;
			};
			name = Debug;
		};
		4171BE721ECB369A00B9CDD7 /* Release */ = {
			isa = XCBuildConfiguration;
			baseConfigurationReference = CE321028C763199FEA05A93B /* Pods-Sminex.release.xcconfig */;
			buildSettings = {
				ASSETCATALOG_COMPILER_APPICON_NAME = AppIcon;
				CLANG_ENABLE_MODULES = YES;
				CODE_SIGN_ENTITLEMENTS = Sminex/DemoUC.entitlements;
				DEVELOPMENT_TEAM = R84LGLRB92;
				GCC_PREPROCESSOR_DEFINITIONS = (
					"$(inherited)",
					"COCOAPODS=1",
					"$(inherited)",
					"GPB_USE_PROTOBUF_FRAMEWORK_IMPORTS=1",
					"$(inherited)",
					"isGKRZS=0",
					"$(inherited)",
					"isDecember=0",
					"$(inherited)",
					"isTeplo=0",
					"$(inherited)",
					"isDemo=1",
				);
				INFOPLIST_FILE = "$(SRCROOT)/Sminex/Info.plist";
				IPHONEOS_DEPLOYMENT_TARGET = 9.1;
				LD_RUNPATH_SEARCH_PATHS = "$(inherited) @executable_path/Frameworks";
				OTHER_SWIFT_FLAGS = "$(inherited)";
				PRODUCT_BUNDLE_IDENTIFIER = com.sminex.sminex;
				PRODUCT_NAME = "$(TARGET_NAME)";
				SWIFT_OBJC_BRIDGING_HEADER = "Sminex/DemoUC-Bridging-Header.h";
				SWIFT_SWIFT3_OBJC_INFERENCE = On;
				SWIFT_VERSION = 4.0;
				TARGETED_DEVICE_FAMILY = 1;
			};
			name = Release;
		};
/* End XCBuildConfiguration section */

/* Begin XCConfigurationList section */
		4171BE561ECB369A00B9CDD7 /* Build configuration list for PBXProject "Sminex" */ = {
			isa = XCConfigurationList;
			buildConfigurations = (
				4171BE6E1ECB369A00B9CDD7 /* Debug */,
				4171BE6F1ECB369A00B9CDD7 /* Release */,
			);
			defaultConfigurationIsVisible = 0;
			defaultConfigurationName = Release;
		};
		4171BE701ECB369A00B9CDD7 /* Build configuration list for PBXNativeTarget "Sminex" */ = {
			isa = XCConfigurationList;
			buildConfigurations = (
				4171BE711ECB369A00B9CDD7 /* Debug */,
				4171BE721ECB369A00B9CDD7 /* Release */,
			);
			defaultConfigurationIsVisible = 0;
			defaultConfigurationName = Release;
		};
/* End XCConfigurationList section */

/* Begin XCVersionGroup section */
		4171BE651ECB369A00B9CDD7 /* DemoUC.xcdatamodeld */ = {
			isa = XCVersionGroup;
			children = (
				4171BE661ECB369A00B9CDD7 /* DemoUC.xcdatamodel */,
			);
			currentVersion = 4171BE661ECB369A00B9CDD7 /* DemoUC.xcdatamodel */;
			path = DemoUC.xcdatamodeld;
			sourceTree = "<group>";
			versionGroupType = wrapper.xcdatamodel;
		};
/* End XCVersionGroup section */
	};
	rootObject = 4171BE531ECB369A00B9CDD7 /* Project object */;
}
